
Microsoft Visual Studio Solution File, Format Version 12.00
# Visual Studio Version 17
VisualStudioVersion = 17.4.33122.133
MinimumVisualStudioVersion = 10.0.40219.1
Project("{9A19103F-16F7-4668-BE54-9A1E7A4F7556}") = "Redpoint.Unreal.Serialization", "Redpoint.Unreal.Serialization\Redpoint.Unreal.Serialization.csproj", "{0793FE80-7AE3-453B-82E1-DEA8EB08F055}"
EndProject
Project("{9A19103F-16F7-4668-BE54-9A1E7A4F7556}") = "Redpoint.Unreal.Serialization.Tests", "Redpoint.Unreal.Serialization.Tests\Redpoint.Unreal.Serialization.Tests.csproj", "{341B64CE-B2A6-434F-802D-D80C2D9B7F43}"
EndProject
Project("{9A19103F-16F7-4668-BE54-9A1E7A4F7556}") = "Redpoint.Unreal.TcpMessaging", "Redpoint.Unreal.TcpMessaging\Redpoint.Unreal.TcpMessaging.csproj", "{6D6B6805-5B3F-4D6F-8E1E-BE312FD30D71}"
EndProject
Project("{9A19103F-16F7-4668-BE54-9A1E7A4F7556}") = "Redpoint.Unreal.TcpMessaging.Debugger", "Redpoint.Unreal.TcpMessaging.Debugger\Redpoint.Unreal.TcpMessaging.Debugger.csproj", "{3061D260-745C-4379-84CE-DBEE7FFC17D1}"
EndProject
Project("{9A19103F-16F7-4668-BE54-9A1E7A4F7556}") = "Redpoint.Unreal.TcpMessaging.Tests", "Redpoint.Unreal.TcpMessaging.Tests\Redpoint.Unreal.TcpMessaging.Tests.csproj", "{51C10BFD-5E28-4A0B-A6CB-3FC449C96DA3}"
EndProject
Project("{9A19103F-16F7-4668-BE54-9A1E7A4F7556}") = "Redpoint.Unreal.TcpMessaging.TestRunner", "Redpoint.Unreal.TcpMessaging.TestRunner\Redpoint.Unreal.TcpMessaging.TestRunner.csproj", "{11A8C3B3-D912-43F7-A9E9-DCC2AF7550C6}"
EndProject
Project("{9A19103F-16F7-4668-BE54-9A1E7A4F7556}") = "Redpoint.ProcessExecution", "Redpoint.ProcessExecution\Redpoint.ProcessExecution.csproj", "{E1D5A2B2-D2DA-4076-9D44-66FEFDB12286}"
EndProject
Project("{9A19103F-16F7-4668-BE54-9A1E7A4F7556}") = "Redpoint.Uet.Configuration", "Redpoint.Uet.Configuration\Redpoint.Uet.Configuration.csproj", "{CF310C8C-13C4-4444-B358-8038D67488B7}"
EndProject
Project("{9A19103F-16F7-4668-BE54-9A1E7A4F7556}") = "Redpoint.Uet.Workspace", "Redpoint.Uet.Workspace\Redpoint.Uet.Workspace.csproj", "{61D4CE39-8C86-4BA0-AF8F-ECB6869AC504}"
EndProject
Project("{9A19103F-16F7-4668-BE54-9A1E7A4F7556}") = "Redpoint.Uet.Core", "Redpoint.Uet.Core\Redpoint.Uet.Core.csproj", "{DF778E31-98BB-4189-ADAC-D8BEC7314C5D}"
EndProject
Project("{9A19103F-16F7-4668-BE54-9A1E7A4F7556}") = "Redpoint.Uet.Uat", "Redpoint.Uet.Uat\Redpoint.Uet.Uat.csproj", "{8F4E55B7-4215-4B66-B5C2-968E3917374F}"
EndProject
Project("{9A19103F-16F7-4668-BE54-9A1E7A4F7556}") = "Redpoint.PathResolution", "Redpoint.PathResolution\Redpoint.PathResolution.csproj", "{B09236FD-2C6B-4578-9BE3-0C916A6FBF1A}"
EndProject
Project("{9A19103F-16F7-4668-BE54-9A1E7A4F7556}") = "Redpoint.PathResolution.Tests", "Redpoint.PathResolution.Tests\Redpoint.PathResolution.Tests.csproj", "{3A0E6501-E703-423E-AA9A-7C17DBB9468C}"
EndProject
Project("{9A19103F-16F7-4668-BE54-9A1E7A4F7556}") = "Redpoint.Uet.Uat.Tests", "Redpoint.Uet.Uat.Tests\Redpoint.Uet.Uat.Tests.csproj", "{61B4F4B2-32E2-47C0-862A-F5147E9BD56E}"
EndProject
Project("{9A19103F-16F7-4668-BE54-9A1E7A4F7556}") = "Redpoint.Uet.Automation", "Redpoint.Uet.Automation\Redpoint.Uet.Automation.csproj", "{3D095401-59B2-476D-B1FE-1617DAD78E94}"
EndProject
Project("{9A19103F-16F7-4668-BE54-9A1E7A4F7556}") = "Redpoint.Uet.SdkManagement", "Redpoint.Uet.SdkManagement\Redpoint.Uet.SdkManagement.csproj", "{80348F7C-DCE0-4479-AF3E-C2AB90B2FB4C}"
EndProject
Project("{9A19103F-16F7-4668-BE54-9A1E7A4F7556}") = "Redpoint.Uet.SdkManagement.Tests", "Redpoint.Uet.SdkManagement.Tests\Redpoint.Uet.SdkManagement.Tests.csproj", "{4ACFA2D2-F5D7-428B-B144-F63350848E29}"
EndProject
Project("{9A19103F-16F7-4668-BE54-9A1E7A4F7556}") = "Redpoint.Uet.BuildPipeline", "Redpoint.Uet.BuildPipeline\Redpoint.Uet.BuildPipeline.csproj", "{559D9E41-C462-4C71-8709-20B0BCA82E89}"
EndProject
Project("{9A19103F-16F7-4668-BE54-9A1E7A4F7556}") = "Redpoint.Uet.BuildPipeline.Tests", "Redpoint.Uet.BuildPipeline.Tests\Redpoint.Uet.BuildPipeline.Tests.csproj", "{B9FDEB77-EC8B-4E1C-A9F1-218A3671574D}"
EndProject
Project("{2150E333-8FDC-42A3-9474-1A3956D46DE8}") = "Lib", "Lib", "{39698A12-7C9B-47F5-BA1A-9F4884A770AF}"
	ProjectSection(SolutionItems) = preProject
		.analyzerconfig = .analyzerconfig
		.editorconfig = .editorconfig
		Lib\Common.Build.props = Lib\Common.Build.props
		Lib\CsWin32.Build.props = Lib\CsWin32.Build.props
		Directory.Packages.props = Directory.Packages.props
		Lib\Executable.Build.props = Lib\Executable.Build.props
		Lib\Framework.AspNetCore.Build.props = Lib\Framework.AspNetCore.Build.props
		Lib\Framework.Build.props = Lib\Framework.Build.props
		Lib\LibraryPackaging.Build.props = Lib\LibraryPackaging.Build.props
		Lib\PackageIcon.png = Lib\PackageIcon.png
		Lib\ThirdPartyCommon.Build.props = Lib\ThirdPartyCommon.Build.props
		Lib\XunitTesting.Build.props = Lib\XunitTesting.Build.props
		Lib\XunitTestingDependencies.Build.props = Lib\XunitTestingDependencies.Build.props
	EndProjectSection
EndProject
Project("{9A19103F-16F7-4668-BE54-9A1E7A4F7556}") = "Redpoint.MSBuildResolution", "Redpoint.MSBuildResolution\Redpoint.MSBuildResolution.csproj", "{5227BBD5-4CE7-4CB8-A60E-897E70664886}"
EndProject
Project("{9A19103F-16F7-4668-BE54-9A1E7A4F7556}") = "Redpoint.Windows.VolumeManagement", "Redpoint.Windows.VolumeManagement\Redpoint.Windows.VolumeManagement.csproj", "{06472079-680E-42CF-B381-4BD0DB0F2176}"
EndProject
Project("{9A19103F-16F7-4668-BE54-9A1E7A4F7556}") = "Redpoint.Windows.VolumeManagement.Tests", "Redpoint.Windows.VolumeManagement.Tests\Redpoint.Windows.VolumeManagement.Tests.csproj", "{43356EFA-3928-4DBD-B3C6-5FE559F98D59}"
EndProject
Project("{9A19103F-16F7-4668-BE54-9A1E7A4F7556}") = "Redpoint.Windows.HandleManagement", "Redpoint.Windows.HandleManagement\Redpoint.Windows.HandleManagement.csproj", "{A232563E-72E8-4914-96EF-298C665AB01C}"
EndProject
Project("{9A19103F-16F7-4668-BE54-9A1E7A4F7556}") = "Redpoint.Collections", "Redpoint.Collections\Redpoint.Collections.csproj", "{61F94A70-0BE0-4BF3-921D-E7FE1B4C953D}"
EndProject
Project("{9A19103F-16F7-4668-BE54-9A1E7A4F7556}") = "Redpoint.Windows.HandleManagement.Tests", "Redpoint.Windows.HandleManagement.Tests\Redpoint.Windows.HandleManagement.Tests.csproj", "{F152B9D8-6814-43EA-A588-D8B7172BA142}"
EndProject
Project("{9A19103F-16F7-4668-BE54-9A1E7A4F7556}") = "Redpoint.Uet.BuildPipeline.Executors.Local", "Redpoint.Uet.BuildPipeline.Executors.Local\Redpoint.Uet.BuildPipeline.Executors.Local.csproj", "{ACA6E37D-1308-4B18-A8B2-9316699E3850}"
EndProject
Project("{9A19103F-16F7-4668-BE54-9A1E7A4F7556}") = "Redpoint.Uet.BuildPipeline.Executors.BuildServer", "Redpoint.Uet.BuildPipeline.Executors.BuildServer\Redpoint.Uet.BuildPipeline.Executors.BuildServer.csproj", "{D160E84A-97C5-4958-B196-D7C1C6A70AD8}"
EndProject
Project("{9A19103F-16F7-4668-BE54-9A1E7A4F7556}") = "Redpoint.Uet.BuildPipeline.Executors.GitLab", "Redpoint.Uet.BuildPipeline.Executors.GitLab\Redpoint.Uet.BuildPipeline.Executors.GitLab.csproj", "{AFFE7088-DBFA-4941-96BE-A5D8C9A578EB}"
EndProject
Project("{9A19103F-16F7-4668-BE54-9A1E7A4F7556}") = "uet", "uet\uet.csproj", "{3A9215AE-E602-4BA9-839D-7103567CD17C}"
EndProject
Project("{9A19103F-16F7-4668-BE54-9A1E7A4F7556}") = "Redpoint.Vfs.Abstractions", "Redpoint.Vfs.Abstractions\Redpoint.Vfs.Abstractions.csproj", "{08982DD1-5904-4FE6-8483-F9B70FE6CD35}"
EndProject
Project("{9A19103F-16F7-4668-BE54-9A1E7A4F7556}") = "Redpoint.Vfs.Driver", "Redpoint.Vfs.Driver\Redpoint.Vfs.Driver.csproj", "{F8FE548F-8B30-4008-AD13-D78CAB4E2530}"
EndProject
Project("{9A19103F-16F7-4668-BE54-9A1E7A4F7556}") = "Redpoint.Vfs.Windows", "Redpoint.Vfs.Windows\Redpoint.Vfs.Windows.csproj", "{BC5AFF31-6B88-4192-8C92-D7E4F27747BB}"
EndProject
Project("{9A19103F-16F7-4668-BE54-9A1E7A4F7556}") = "Redpoint.Vfs.Driver.WinFsp", "Redpoint.Vfs.Driver.WinFsp\Redpoint.Vfs.Driver.WinFsp.csproj", "{A9B48D95-7F25-4D84-86E6-EE880D887E73}"
EndProject
Project("{9A19103F-16F7-4668-BE54-9A1E7A4F7556}") = "Redpoint.ThirdParty.WinFsp", "Lib\Redpoint.ThirdParty.WinFsp\Redpoint.ThirdParty.WinFsp.csproj", "{EBDE9DB2-A31F-4FCF-A5D7-2ADED01D9234}"
EndProject
Project("{9A19103F-16F7-4668-BE54-9A1E7A4F7556}") = "Redpoint.Vfs.Abstractions.Tests", "Redpoint.Vfs.Abstractions.Tests\Redpoint.Vfs.Abstractions.Tests.csproj", "{AABC5A3D-CD47-4791-A937-41FBCE06002D}"
EndProject
Project("{9A19103F-16F7-4668-BE54-9A1E7A4F7556}") = "Redpoint.Vfs.Layer.Scratch", "Redpoint.Vfs.Layer.Scratch\Redpoint.Vfs.Layer.Scratch.csproj", "{D4429A72-543C-4212-B257-EB9DCA54A5A3}"
EndProject
Project("{9A19103F-16F7-4668-BE54-9A1E7A4F7556}") = "Redpoint.Vfs.Layer.Folder", "Redpoint.Vfs.Layer.Folder\Redpoint.Vfs.Layer.Folder.csproj", "{EEE96D26-C59E-441C-B211-8EBD055B1301}"
EndProject
Project("{9A19103F-16F7-4668-BE54-9A1E7A4F7556}") = "Redpoint.Vfs.LocalIo", "Redpoint.Vfs.LocalIo\Redpoint.Vfs.LocalIo.csproj", "{B8D69B20-FE7B-479A-9B9B-80DE61AC8482}"
EndProject
Project("{9A19103F-16F7-4668-BE54-9A1E7A4F7556}") = "Redpoint.Git.Abstractions", "Redpoint.Git.Abstractions\Redpoint.Git.Abstractions.csproj", "{601AE880-3F17-462A-BD9C-F85A53C9A8E9}"
EndProject
Project("{9A19103F-16F7-4668-BE54-9A1E7A4F7556}") = "Redpoint.Git.GitHub", "Redpoint.Git.GitHub\Redpoint.Git.GitHub.csproj", "{1A9C533F-DF05-49DA-B87E-02EA5733ECA0}"
EndProject
Project("{9A19103F-16F7-4668-BE54-9A1E7A4F7556}") = "Redpoint.Vfs.Driver.WinFsp.Tests", "Redpoint.Vfs.Driver.WinFsp.Tests\Redpoint.Vfs.Driver.WinFsp.Tests.csproj", "{D4BFBF83-3964-4862-9622-34912E363E0C}"
EndProject
Project("{9A19103F-16F7-4668-BE54-9A1E7A4F7556}") = "Redpoint.Vfs.Layer.Scratch.Tests", "Redpoint.Vfs.Layer.Scratch.Tests\Redpoint.Vfs.Layer.Scratch.Tests.csproj", "{3B0A8B9A-E3D7-433A-94E9-13F3D28A9DEC}"
EndProject
Project("{9A19103F-16F7-4668-BE54-9A1E7A4F7556}") = "Redpoint.ProgressMonitor", "Redpoint.ProgressMonitor\Redpoint.ProgressMonitor.csproj", "{0F295918-2CC1-42AA-826B-951290FE278E}"
EndProject
Project("{9A19103F-16F7-4668-BE54-9A1E7A4F7556}") = "Redpoint.Registry", "Redpoint.Registry\Redpoint.Registry.csproj", "{77E54064-C2B5-4464-9285-4E576AA7BF21}"
EndProject
Project("{9A19103F-16F7-4668-BE54-9A1E7A4F7556}") = "Redpoint.Uet.Configuration.Tests", "Redpoint.Uet.Configuration.Tests\Redpoint.Uet.Configuration.Tests.csproj", "{A6F18B24-C2C3-47D7-B000-ED4B41105CB0}"
EndProject
Project("{9A19103F-16F7-4668-BE54-9A1E7A4F7556}") = "Redpoint.Reservation", "Redpoint.Reservation\Redpoint.Reservation.csproj", "{502D1698-4F32-4838-B7EA-DFD5DA407561}"
EndProject
Project("{9A19103F-16F7-4668-BE54-9A1E7A4F7556}") = "Redpoint.Reservation.Tests", "Redpoint.Reservation.Tests\Redpoint.Reservation.Tests.csproj", "{F335E025-07A0-4D0C-A882-00A814C4EC52}"
EndProject
Project("{9A19103F-16F7-4668-BE54-9A1E7A4F7556}") = "Redpoint.Uet.BuildPipeline.Providers.Deployment", "Redpoint.Uet.BuildPipeline.Providers.Deployment\Redpoint.Uet.BuildPipeline.Providers.Deployment.csproj", "{FF9C0353-53C4-49D9-B8D1-7C6756120547}"
EndProject
Project("{9A19103F-16F7-4668-BE54-9A1E7A4F7556}") = "Redpoint.Uet.BuildPipeline.Providers.Test", "Redpoint.Uet.BuildPipeline.Providers.Test\Redpoint.Uet.BuildPipeline.Providers.Test.csproj", "{0E81D8C3-CAFA-4DB4-9108-49361F6D1135}"
EndProject
Project("{9A19103F-16F7-4668-BE54-9A1E7A4F7556}") = "Redpoint.Uet.BuildGraph", "Redpoint.Uet.BuildGraph\Redpoint.Uet.BuildGraph.csproj", "{05B65404-1B91-49A8-A079-0C90185B1B3A}"
EndProject
Project("{9A19103F-16F7-4668-BE54-9A1E7A4F7556}") = "Redpoint.Uet.Automation.Tests", "Redpoint.Uet.Automation.Tests\Redpoint.Uet.Automation.Tests.csproj", "{DCA366B0-0E3D-4264-98D5-D57CCF557BA8}"
EndProject
Project("{9A19103F-16F7-4668-BE54-9A1E7A4F7556}") = "Redpoint.ApplicationLifecycle", "Redpoint.ApplicationLifecycle\Redpoint.ApplicationLifecycle.csproj", "{73F9578E-2774-48E4-8F91-DBA9446B720C}"
EndProject
Project("{9A19103F-16F7-4668-BE54-9A1E7A4F7556}") = "Redpoint.Uet.Workspace.Tests", "Redpoint.Uet.Workspace.Tests\Redpoint.Uet.Workspace.Tests.csproj", "{3E3A2F9D-EAE2-48A0-B4EB-C2061913EF03}"
EndProject
Project("{9A19103F-16F7-4668-BE54-9A1E7A4F7556}") = "Redpoint.ThirdParty.System.CommandLine", "Lib\Redpoint.ThirdParty.System.CommandLine\Redpoint.ThirdParty.System.CommandLine.csproj", "{DA90E23F-C2A7-4BBC-A376-4016FC4921EA}"
EndProject
Project("{9A19103F-16F7-4668-BE54-9A1E7A4F7556}") = "Redpoint.Unreal.Serialization.SourceGenerator", "Redpoint.Unreal.Serialization.SourceGenerator\Redpoint.Unreal.Serialization.SourceGenerator.csproj", "{95ABCE25-6191-42AB-B596-C63C924032E5}"
EndProject
Project("{9A19103F-16F7-4668-BE54-9A1E7A4F7556}") = "Redpoint.GrpcPipes", "Redpoint.GrpcPipes\Redpoint.GrpcPipes.csproj", "{4999F03C-05BA-4C82-8625-42462F73F219}"
EndProject
Project("{9A19103F-16F7-4668-BE54-9A1E7A4F7556}") = "Redpoint.GrpcPipes.Tests", "Redpoint.GrpcPipes.Tests\Redpoint.GrpcPipes.Tests.csproj", "{9A46B69D-48C6-4D69-A3DC-EAA0B014F6BC}"
EndProject
Project("{9A19103F-16F7-4668-BE54-9A1E7A4F7556}") = "Redpoint.Uefs.Protocol", "Redpoint.Uefs.Protocol\Redpoint.Uefs.Protocol.csproj", "{54D23E01-A34F-426B-9E59-6C2A714DD519}"
EndProject
Project("{9A19103F-16F7-4668-BE54-9A1E7A4F7556}") = "Redpoint.ThirdParty.Docker.Registry.DotNet", "Lib\Redpoint.ThirdParty.Docker.Registry.DotNet\Redpoint.ThirdParty.Docker.Registry.DotNet.csproj", "{B11BC4F1-7AC8-401C-873F-501A2C4714B3}"
EndProject
Project("{9A19103F-16F7-4668-BE54-9A1E7A4F7556}") = "Redpoint.Uefs.ContainerRegistry", "Redpoint.Uefs.ContainerRegistry\Redpoint.Uefs.ContainerRegistry.csproj", "{B0F9C08C-D102-4BDC-AA1C-10BEC917B416}"
EndProject
Project("{9A19103F-16F7-4668-BE54-9A1E7A4F7556}") = "Redpoint.ProcessTree", "Redpoint.ProcessTree\Redpoint.ProcessTree.csproj", "{300D3392-78CF-44E7-9E8C-F2FEEE8CEACB}"
EndProject
Project("{9A19103F-16F7-4668-BE54-9A1E7A4F7556}") = "Redpoint.ProcessTree.Tests", "Redpoint.ProcessTree.Tests\Redpoint.ProcessTree.Tests.csproj", "{6116F0F0-437A-458B-81A8-4BF064D2EE46}"
EndProject
Project("{9A19103F-16F7-4668-BE54-9A1E7A4F7556}") = "Redpoint.Logging.SingleLine", "Redpoint.Logging.SingleLine\Redpoint.Logging.SingleLine.csproj", "{F877E449-F582-4BED-B717-D5E2E9CE12C1}"
EndProject
Project("{9A19103F-16F7-4668-BE54-9A1E7A4F7556}") = "Redpoint.Uefs.Package", "Redpoint.Uefs.Package\Redpoint.Uefs.Package.csproj", "{CE707D97-EC72-4872-B7FF-01C07FCB377B}"
EndProject
Project("{9A19103F-16F7-4668-BE54-9A1E7A4F7556}") = "Redpoint.Uefs.Package.SparseImage", "Redpoint.Uefs.Package.SparseImage\Redpoint.Uefs.Package.SparseImage.csproj", "{25BDEFD6-45F4-44D8-8F81-7FAF965C1B1F}"
EndProject
Project("{9A19103F-16F7-4668-BE54-9A1E7A4F7556}") = "Redpoint.Uefs.Package.Vhd", "Redpoint.Uefs.Package.Vhd\Redpoint.Uefs.Package.Vhd.csproj", "{C13BB84A-3E9D-4241-88DB-51E682A069FC}"
EndProject
Project("{9A19103F-16F7-4668-BE54-9A1E7A4F7556}") = "Redpoint.Uefs.Commands", "Redpoint.Uefs.Commands\Redpoint.Uefs.Commands.csproj", "{4F4AC2F8-6127-4DCD-A9BA-1D9FB701892F}"
EndProject
Project("{9A19103F-16F7-4668-BE54-9A1E7A4F7556}") = "Redpoint.Uefs.Client", "Redpoint.Uefs.Client\Redpoint.Uefs.Client.csproj", "{2DA94C42-16CF-4203-9A29-9FD8D3A0E992}"
EndProject
Project("{9A19103F-16F7-4668-BE54-9A1E7A4F7556}") = "Redpoint.Uefs.ContainerRegistry.Tests", "Redpoint.Uefs.ContainerRegistry.Tests\Redpoint.Uefs.ContainerRegistry.Tests.csproj", "{7E03D964-85D1-4B17-B210-7AE1DC377993}"
EndProject
Project("{9A19103F-16F7-4668-BE54-9A1E7A4F7556}") = "Redpoint.Uefs.Daemon.Transactional.Abstractions", "Redpoint.Uefs.Daemon.Transactional.Abstractions\Redpoint.Uefs.Daemon.Transactional.Abstractions.csproj", "{EDFA5315-F7F4-4A0D-87EE-258CE47FE530}"
EndProject
Project("{9A19103F-16F7-4668-BE54-9A1E7A4F7556}") = "Redpoint.Uefs.Daemon.Transactional.Executors", "Redpoint.Uefs.Daemon.Transactional.Executors\Redpoint.Uefs.Daemon.Transactional.Executors.csproj", "{C2C2EF16-44CD-49AA-B5AC-7770821E2AB5}"
EndProject
Project("{9A19103F-16F7-4668-BE54-9A1E7A4F7556}") = "Redpoint.Uefs.Daemon.Transactional", "Redpoint.Uefs.Daemon.Transactional\Redpoint.Uefs.Daemon.Transactional.csproj", "{4A9859C3-A146-4605-BD60-E88ACDB6DB74}"
EndProject
Project("{9A19103F-16F7-4668-BE54-9A1E7A4F7556}") = "Redpoint.Uefs.Daemon.Transactional.Tests", "Redpoint.Uefs.Daemon.Transactional.Tests\Redpoint.Uefs.Daemon.Transactional.Tests.csproj", "{3F580D9F-3174-4FEB-B3AB-D5369B2AFF27}"
EndProject
Project("{9A19103F-16F7-4668-BE54-9A1E7A4F7556}") = "Redpoint.Uefs.Daemon.Tests", "Redpoint.Uefs.Daemon.Tests\Redpoint.Uefs.Daemon.Tests.csproj", "{844E9439-478B-4CBF-9453-8CA1302D3CE6}"
EndProject
Project("{9A19103F-16F7-4668-BE54-9A1E7A4F7556}") = "Redpoint.Uefs.Daemon.State", "Redpoint.Uefs.Daemon.State\Redpoint.Uefs.Daemon.State.csproj", "{E618F389-2B0B-4863-B2AF-619F8BC04296}"
EndProject
Project("{9A19103F-16F7-4668-BE54-9A1E7A4F7556}") = "Redpoint.Uefs.Daemon.Service", "Redpoint.Uefs.Daemon.Service\Redpoint.Uefs.Daemon.Service.csproj", "{6F33AFB8-93B3-487F-8864-877D63ECD04C}"
EndProject
Project("{9A19103F-16F7-4668-BE54-9A1E7A4F7556}") = "Redpoint.Uefs.Daemon.RemoteStorage", "Redpoint.Uefs.Daemon.RemoteStorage\Redpoint.Uefs.Daemon.RemoteStorage.csproj", "{619349E3-CA04-46E9-BD7D-9FC41A5394F7}"
EndProject
Project("{9A19103F-16F7-4668-BE54-9A1E7A4F7556}") = "Redpoint.Uefs.Daemon.PackageStorage", "Redpoint.Uefs.Daemon.PackageStorage\Redpoint.Uefs.Daemon.PackageStorage.csproj", "{04A479A1-984C-45EC-BBBB-D3E9244AAE8C}"
EndProject
Project("{9A19103F-16F7-4668-BE54-9A1E7A4F7556}") = "Redpoint.Uefs.Daemon.PackageFs", "Redpoint.Uefs.Daemon.PackageFs\Redpoint.Uefs.Daemon.PackageFs.csproj", "{8E2E00B4-B031-4BAB-B60C-119F710F9501}"
EndProject
Project("{9A19103F-16F7-4668-BE54-9A1E7A4F7556}") = "Redpoint.Uefs.Daemon.Integration.Kubernetes", "Redpoint.Uefs.Daemon.Integration.Kubernetes\Redpoint.Uefs.Daemon.Integration.Kubernetes.csproj", "{3D3784E3-E7B3-4E36-9DD2-5425E44E89F1}"
EndProject
Project("{9A19103F-16F7-4668-BE54-9A1E7A4F7556}") = "Redpoint.Uefs.Daemon.Integration.Docker", "Redpoint.Uefs.Daemon.Integration.Docker\Redpoint.Uefs.Daemon.Integration.Docker.csproj", "{6761CDD1-4EF9-41E5-A963-AA02607D90A3}"
EndProject
Project("{9A19103F-16F7-4668-BE54-9A1E7A4F7556}") = "Redpoint.Uefs.Daemon.Database", "Redpoint.Uefs.Daemon.Database\Redpoint.Uefs.Daemon.Database.csproj", "{CA0C220F-9B45-4E52-9B05-9C07C1C57A80}"
EndProject
Project("{9A19103F-16F7-4668-BE54-9A1E7A4F7556}") = "Redpoint.Uefs.Daemon.Abstractions", "Redpoint.Uefs.Daemon.Abstractions\Redpoint.Uefs.Daemon.Abstractions.csproj", "{4ACA3DDE-96CF-4FB4-A30F-5E2E5541D20D}"
EndProject
Project("{9A19103F-16F7-4668-BE54-9A1E7A4F7556}") = "Redpoint.Uefs.Daemon", "Redpoint.Uefs.Daemon\Redpoint.Uefs.Daemon.csproj", "{3253D2FA-73AE-47E0-9F33-CDFB046BC7B5}"
EndProject
Project("{9A19103F-16F7-4668-BE54-9A1E7A4F7556}") = "Redpoint.ThirdParty.DiscUtils", "Lib\Redpoint.ThirdParty.DiscUtils\Redpoint.ThirdParty.DiscUtils.csproj", "{8A10D911-5C71-4EAC-9174-D05DE8263FFB}"
EndProject
Project("{9A19103F-16F7-4668-BE54-9A1E7A4F7556}") = "Redpoint.ServiceControl", "Redpoint.ServiceControl\Redpoint.ServiceControl.csproj", "{456D512C-519B-4C15-895F-B0DEFBAF0276}"
EndProject
Project("{9A19103F-16F7-4668-BE54-9A1E7A4F7556}") = "Redpoint.ServiceControl.Tests", "Redpoint.ServiceControl.Tests\Redpoint.ServiceControl.Tests.csproj", "{B5639A77-CD62-4AD9-9796-36105398C375}"
EndProject
Project("{9A19103F-16F7-4668-BE54-9A1E7A4F7556}") = "Redpoint.Logging.Mac", "Redpoint.Logging.Mac\Redpoint.Logging.Mac.csproj", "{5B12AF5D-2108-4CD7-AA8B-CFCDC79806CD}"
EndProject
Project("{9A19103F-16F7-4668-BE54-9A1E7A4F7556}") = "Redpoint.Logging.Mac.Tests", "Redpoint.Logging.Mac.Tests\Redpoint.Logging.Mac.Tests.csproj", "{3BDC0498-6B0E-49B2-87C4-F73138495666}"
EndProject
Project("{9A19103F-16F7-4668-BE54-9A1E7A4F7556}") = "Redpoint.ThirdParty.B2Net", "Lib\Redpoint.ThirdParty.B2Net\Redpoint.ThirdParty.B2Net.csproj", "{770176ED-F5A8-4245-9DF4-70C1CD27DB59}"
EndProject
Project("{9A19103F-16F7-4668-BE54-9A1E7A4F7556}") = "Redpoint.Concurrency", "Redpoint.Concurrency\Redpoint.Concurrency.csproj", "{DB9BBF50-AA05-442B-B8C1-F4C9C199BDA0}"
EndProject
Project("{9A19103F-16F7-4668-BE54-9A1E7A4F7556}") = "Redpoint.Concurrency.Tests", "Redpoint.Concurrency.Tests\Redpoint.Concurrency.Tests.csproj", "{486505E8-0113-4403-B197-66B347A820DE}"
EndProject
Project("{9A19103F-16F7-4668-BE54-9A1E7A4F7556}") = "uet.shim", "uet.shim\uet.shim.csproj", "{92B55412-AF63-40DB-AE27-04E4F0CAB00D}"
EndProject
Project("{9A19103F-16F7-4668-BE54-9A1E7A4F7556}") = "Redpoint.ThirdParty.Microsoft.Extensions.Logging.Console", "Lib\Redpoint.ThirdParty.Microsoft.Extensions.Logging.Console\Redpoint.ThirdParty.Microsoft.Extensions.Logging.Console.csproj", "{1F198D46-E3CA-4F0D-90F1-D0D5E4A654AF}"
EndProject
Project("{9A19103F-16F7-4668-BE54-9A1E7A4F7556}") = "Redpoint.Uet.BuildPipeline.Providers.Prepare", "Redpoint.Uet.BuildPipeline.Providers.Prepare\Redpoint.Uet.BuildPipeline.Providers.Prepare.csproj", "{C556AE5A-5378-405F-988E-6B29D56FB2E1}"
EndProject
Project("{9A19103F-16F7-4668-BE54-9A1E7A4F7556}") = "Redpoint.RuntimeJson", "Redpoint.RuntimeJson\Redpoint.RuntimeJson.csproj", "{456471ED-B935-432E-829B-9F384039D46C}"
EndProject
Project("{9A19103F-16F7-4668-BE54-9A1E7A4F7556}") = "Redpoint.RuntimeJson.SourceGenerator", "Redpoint.RuntimeJson.SourceGenerator\Redpoint.RuntimeJson.SourceGenerator.csproj", "{DD298D20-E38E-4376-8A48-CBC9BA54A34F}"
EndProject
Project("{9A19103F-16F7-4668-BE54-9A1E7A4F7556}") = "Redpoint.CredentialDiscovery", "Redpoint.CredentialDiscovery\Redpoint.CredentialDiscovery.csproj", "{CB604771-F0DF-4C2F-B91C-790DD4B34502}"
EndProject
Project("{9A19103F-16F7-4668-BE54-9A1E7A4F7556}") = "Redpoint.Git.Managed.Packfile", "Redpoint.Git.Managed.Packfile\Redpoint.Git.Managed.Packfile.csproj", "{57A7868A-B037-4EB6-BBFC-A0E7626B9E96}"
EndProject
Project("{9A19103F-16F7-4668-BE54-9A1E7A4F7556}") = "Redpoint.Git.Managed.Packfile.Tests", "Redpoint.Git.Managed.Packfile.Tests\Redpoint.Git.Managed.Packfile.Tests.csproj", "{8227A622-25F1-44D6-AC4B-E07EA56A24E3}"
EndProject
Project("{9A19103F-16F7-4668-BE54-9A1E7A4F7556}") = "Redpoint.Numerics", "Redpoint.Numerics\Redpoint.Numerics.csproj", "{005DEEF4-D262-4D69-920E-386308CC46FF}"
EndProject
Project("{9A19103F-16F7-4668-BE54-9A1E7A4F7556}") = "Redpoint.Numerics.Tests", "Redpoint.Numerics.Tests\Redpoint.Numerics.Tests.csproj", "{45E16317-E87A-428E-B5ED-1885DA1BCFAC}"
EndProject
Project("{9A19103F-16F7-4668-BE54-9A1E7A4F7556}") = "Redpoint.Git.Managed", "Redpoint.Git.Managed\Redpoint.Git.Managed.csproj", "{29DD11F7-B326-4DF6-ACC8-09C0484C0EC5}"
EndProject
Project("{9A19103F-16F7-4668-BE54-9A1E7A4F7556}") = "Redpoint.Git.Managed.Tests", "Redpoint.Git.Managed.Tests\Redpoint.Git.Managed.Tests.csproj", "{D052B94C-9FFA-4755-AA0B-CC65ACA93FAE}"
EndProject
Project("{9A19103F-16F7-4668-BE54-9A1E7A4F7556}") = "Redpoint.Git.Managed.PerformanceProfiling", "Redpoint.Git.Managed.PerformanceProfiling\Redpoint.Git.Managed.PerformanceProfiling.csproj", "{C0C4F520-2CF7-4E68-88CE-CE9B03949845}"
EndProject
Project("{9A19103F-16F7-4668-BE54-9A1E7A4F7556}") = "Redpoint.ThirdParty.ZoneTree", "Lib\Redpoint.ThirdParty.ZoneTree\Redpoint.ThirdParty.ZoneTree.csproj", "{3D2A0A14-A380-4C22-90A4-5C8A34D3408D}"
EndProject
Project("{9A19103F-16F7-4668-BE54-9A1E7A4F7556}") = "Redpoint.ProcessExecution.Tests", "Redpoint.ProcessExecution.Tests\Redpoint.ProcessExecution.Tests.csproj", "{C28793ED-B4E8-48F1-B0D5-32E29F58FD95}"
EndProject
Project("{9A19103F-16F7-4668-BE54-9A1E7A4F7556}") = "Redpoint.IO", "Redpoint.IO\Redpoint.IO.csproj", "{4740E4E7-790B-49D5-9596-2B1FD7B0414E}"
EndProject
Project("{9A19103F-16F7-4668-BE54-9A1E7A4F7556}") = "Redpoint.AutoDiscovery", "Redpoint.AutoDiscovery\Redpoint.AutoDiscovery.csproj", "{F1AA2392-EC8D-4A7F-A6BB-E2125D668FDC}"
EndProject
Project("{9A19103F-16F7-4668-BE54-9A1E7A4F7556}") = "Redpoint.AutoDiscovery.Tests", "Redpoint.AutoDiscovery.Tests\Redpoint.AutoDiscovery.Tests.csproj", "{A60B5F84-4B02-438F-8500-9DF59428764C}"
EndProject
Project("{2150E333-8FDC-42A3-9474-1A3956D46DE8}") = "Redpoint.Git", "Redpoint.Git", "{489584A0-3479-40D5-8F74-8D11C3265975}"
EndProject
Project("{2150E333-8FDC-42A3-9474-1A3956D46DE8}") = "Redpoint.AutoDiscovery", "Redpoint.AutoDiscovery", "{345BF757-ABB7-4869-8797-B1E11A484650}"
EndProject
Project("{2150E333-8FDC-42A3-9474-1A3956D46DE8}") = "Redpoint.Uefs", "Redpoint.Uefs", "{D6A1983F-C64F-46F2-8AC9-703AAC55A893}"
EndProject
Project("{2150E333-8FDC-42A3-9474-1A3956D46DE8}") = "Redpoint.Vfs", "Redpoint.Vfs", "{ECB67D09-5B69-448D-A6EB-62D7C7921883}"
EndProject
Project("{2150E333-8FDC-42A3-9474-1A3956D46DE8}") = "Redpoint.Uet", "Redpoint.Uet", "{1AE4AFCD-0F49-4CEA-8439-F1AAA2CDD183}"
EndProject
Project("{2150E333-8FDC-42A3-9474-1A3956D46DE8}") = "Redpoint.Unreal", "Redpoint.Unreal", "{8E63F862-5D4E-4DC0-A791-ADD349D4D2BD}"
EndProject
Project("{2150E333-8FDC-42A3-9474-1A3956D46DE8}") = "Redpoint.Windows", "Redpoint.Windows", "{0BF83468-3C95-4B7E-AE5A-01E54464DC93}"
EndProject
Project("{2150E333-8FDC-42A3-9474-1A3956D46DE8}") = "Redpoint.Rfs", "Redpoint.Rfs", "{71CE6D4C-CA5F-42F3-8B7D-0A8DA1AE0774}"
EndProject
Project("{9A19103F-16F7-4668-BE54-9A1E7A4F7556}") = "Redpoint.Rfs.WinFsp", "Redpoint.Rfs.WinFsp\Redpoint.Rfs.WinFsp.csproj", "{AAB64112-C522-4FD2-8A28-84E7B17EFE92}"
EndProject
Project("{9A19103F-16F7-4668-BE54-9A1E7A4F7556}") = "Redpoint.Logging", "Redpoint.Logging\Redpoint.Logging.csproj", "{19CBD6A9-7EEA-4DF9-8FEE-C5C6E5481745}"
EndProject
Project("{9A19103F-16F7-4668-BE54-9A1E7A4F7556}") = "Redpoint.Tasks", "Redpoint.Tasks\Redpoint.Tasks.csproj", "{12E6E565-DADA-472C-A4C6-F817988E16FA}"
EndProject
Project("{9A19103F-16F7-4668-BE54-9A1E7A4F7556}") = "Redpoint.XunitFramework", "Redpoint.XunitFramework\Redpoint.XunitFramework.csproj", "{B2DCE98C-3DFC-4471-B30B-6A48483846A0}"
EndProject
Project("{2150E333-8FDC-42A3-9474-1A3956D46DE8}") = "PerformanceProfiling", "PerformanceProfiling", "{06D5B32E-ED75-4023-9A51-9640901DC695}"
EndProject
Project("{9A19103F-16F7-4668-BE54-9A1E7A4F7556}") = "Redpoint.Hashing", "Redpoint.Hashing\Redpoint.Hashing.csproj", "{2B4CFA87-62D2-4D52-B407-2067D3893EFC}"
EndProject
Project("{9A19103F-16F7-4668-BE54-9A1E7A4F7556}") = "Redpoint.Logging.File", "Redpoint.Logging.File\Redpoint.Logging.File.csproj", "{7CCFE33C-98C5-4DC3-9F25-5AE5AE349960}"
EndProject
Project("{9A19103F-16F7-4668-BE54-9A1E7A4F7556}") = "Redpoint.StringEnum", "Redpoint.StringEnum\Redpoint.StringEnum.csproj", "{996440E7-787A-4ACC-995A-5F9C45AC4553}"
EndProject
Project("{9A19103F-16F7-4668-BE54-9A1E7A4F7556}") = "Redpoint.StringEnum.Tests", "Redpoint.StringEnum.Tests\Redpoint.StringEnum.Tests.csproj", "{E03E8912-B31C-46B2-8472-071EF1EA8E29}"
EndProject
Project("{2150E333-8FDC-42A3-9474-1A3956D46DE8}") = "Redpoint.Logging", "Redpoint.Logging", "{F2440C79-EF37-46B2-8CF8-A3272E2BBD0E}"
EndProject
Project("{2150E333-8FDC-42A3-9474-1A3956D46DE8}") = "Redpoint.StringEnum", "Redpoint.StringEnum", "{35C50DFA-3395-476D-98A2-777018F48076}"
EndProject
Project("{9A19103F-16F7-4668-BE54-9A1E7A4F7556}") = "Redpoint.StringEnum.TrimTests", "Redpoint.StringEnum.TrimTests\Redpoint.StringEnum.TrimTests.csproj", "{8721710B-EF6D-483F-93A4-4D58CB4BE5B8}"
EndProject
Project("{9A19103F-16F7-4668-BE54-9A1E7A4F7556}") = "Redpoint.CommandLine", "Redpoint.CommandLine\Redpoint.CommandLine.csproj", "{0A5DB08A-1908-4D20-AAD5-2F7BE2476963}"
EndProject
Project("{2150E333-8FDC-42A3-9474-1A3956D46DE8}") = "Redpoint.Pdu", "Redpoint.Pdu", "{A10A6C63-109E-4825-AA79-81B0AE279A76}"
EndProject
Project("{9A19103F-16F7-4668-BE54-9A1E7A4F7556}") = "Redpoint.Pdu.Abstractions", "Redpoint.Pdu.Abstractions\Redpoint.Pdu.Abstractions.csproj", "{1B11F560-43E2-4CCB-84BE-6E9419521A11}"
EndProject
Project("{9A19103F-16F7-4668-BE54-9A1E7A4F7556}") = "Redpoint.Pdu.Serveredge", "Redpoint.Pdu.Serveredge\Redpoint.Pdu.Serveredge.csproj", "{C26D4377-9FBD-41CB-BDAE-07C3DEFEED97}"
EndProject
Project("{9A19103F-16F7-4668-BE54-9A1E7A4F7556}") = "Redpoint.ThirdParty.SharpSnmp", "Lib\Redpoint.ThirdParty.SharpSnmp\Redpoint.ThirdParty.SharpSnmp.csproj", "{E3EE2681-ACF4-4C49-96AB-20E7D2F7D7FA}"
EndProject
Project("{2150E333-8FDC-42A3-9474-1A3956D46DE8}") = "Redpoint.GrpcPipes", "Redpoint.GrpcPipes", "{ADB284EB-D1B3-4C7F-A993-64EBFECA10D8}"
EndProject
Project("{9A19103F-16F7-4668-BE54-9A1E7A4F7556}") = "Redpoint.GrpcPipes.Transport.Tcp", "Redpoint.GrpcPipes.Transport.Tcp\Redpoint.GrpcPipes.Transport.Tcp.csproj", "{2CB9C703-30D0-4D2C-AFD9-76EE522303DE}"
EndProject
Project("{9A19103F-16F7-4668-BE54-9A1E7A4F7556}") = "Redpoint.GrpcPipes.Transport.Tcp.Tests", "Redpoint.GrpcPipes.Transport.Tcp.Tests\Redpoint.GrpcPipes.Transport.Tcp.Tests.csproj", "{F9E13021-E8BA-4C42-9435-E0EF3B6FDD58}"
EndProject
Project("{9A19103F-16F7-4668-BE54-9A1E7A4F7556}") = "Redpoint.GrpcPipes.Abstractions", "Redpoint.GrpcPipes.Abstractions\Redpoint.GrpcPipes.Abstractions.csproj", "{C6E62F0F-450C-41F4-B35A-24E070903160}"
EndProject
Project("{2150E333-8FDC-42A3-9474-1A3956D46DE8}") = "Redpoint.Lexer", "Redpoint.Lexer", "{ACDC3FAA-0155-4946-B9BE-E0B9AAAC511E}"
EndProject
Project("{9A19103F-16F7-4668-BE54-9A1E7A4F7556}") = "Redpoint.Lexer", "Redpoint.Lexer\Redpoint.Lexer.csproj", "{AB41A2FF-9761-4B84-B4DE-BF0447AB9797}"
EndProject
Project("{9A19103F-16F7-4668-BE54-9A1E7A4F7556}") = "Redpoint.Lexer.SourceGenerator", "Redpoint.Lexer.SourceGenerator\Redpoint.Lexer.SourceGenerator.csproj", "{33F268A7-125D-4213-80D3-144DECC39F6E}"
EndProject
Project("{9A19103F-16F7-4668-BE54-9A1E7A4F7556}") = "Redpoint.Lexer.Tests", "Redpoint.Lexer.Tests\Redpoint.Lexer.Tests.csproj", "{990381D0-B955-4A8D-8F9D-F5CF498AE627}"
EndProject
Project("{D954291E-2A0B-460D-934E-DC6B0785DB48}") = "Redpoint.SelfVersion", "Redpoint.SelfVersion\Redpoint.SelfVersion.shproj", "{FB285E11-8F0F-4547-9A59-9805B4B0844F}"
EndProject
Project("{9A19103F-16F7-4668-BE54-9A1E7A4F7556}") = "Redpoint.Pdu.CyberPower", "Redpoint.Pdu.CyberPower\Redpoint.Pdu.CyberPower.csproj", "{7CDD0F44-C516-47E9-99E5-3885AD24636F}"
EndProject
Project("{9A19103F-16F7-4668-BE54-9A1E7A4F7556}") = "Redpoint.Uet.CommonPaths", "Redpoint.Uet.CommonPaths\Redpoint.Uet.CommonPaths.csproj", "{D19B5289-C0A3-4025-834D-FA8AB1C19A32}"
EndProject
Project("{2150E333-8FDC-42A3-9474-1A3956D46DE8}") = "Redpoint.Uba", "Redpoint.Uba", "{586E33AB-CC82-4ADF-92F3-3B287A5AEEAC}"
EndProject
Project("{FAE04EC0-301F-11D3-BF4B-00C04F79EFBC}") = "Redpoint.Uba", "Redpoint.Uba\Redpoint.Uba.csproj", "{2AAD5971-F06A-4B7A-9E11-538BEC82F247}"
EndProject
Project("{FAE04EC0-301F-11D3-BF4B-00C04F79EFBC}") = "Redpoint.PackageManagement", "Redpoint.PackageManagement\Redpoint.PackageManagement.csproj", "{2136131B-7D12-45D5-9CEF-A255FCF26A44}"
EndProject
Project("{2150E333-8FDC-42A3-9474-1A3956D46DE8}") = "Redpoint.CloudFramework", "Redpoint.CloudFramework", "{A93D92E5-865B-4681-AC53-4B1689F1B3E8}"
EndProject
Project("{FAE04EC0-301F-11D3-BF4B-00C04F79EFBC}") = "Redpoint.CloudFramework", "Redpoint.CloudFramework\Redpoint.CloudFramework.csproj", "{1AAAACDA-D6D7-4C4B-8641-EB35B807AEFB}"
EndProject
Project("{FAE04EC0-301F-11D3-BF4B-00C04F79EFBC}") = "Redpoint.CloudFramework.CLI", "Redpoint.CloudFramework.CLI\Redpoint.CloudFramework.CLI.csproj", "{0CCDC2FD-49C6-44B9-B230-0EB9222BFD49}"
EndProject
Project("{FAE04EC0-301F-11D3-BF4B-00C04F79EFBC}") = "Redpoint.CloudFramework.Tests.Shared", "Redpoint.CloudFramework.Tests.Shared\Redpoint.CloudFramework.Tests.Shared.csproj", "{07962749-5B1F-4510-8C58-40A393C9C044}"
EndProject
Project("{FAE04EC0-301F-11D3-BF4B-00C04F79EFBC}") = "Redpoint.CloudFramework.Tests", "Redpoint.CloudFramework.Tests\Redpoint.CloudFramework.Tests.csproj", "{696936DC-396A-449A-96ED-CF7018CEE558}"
EndProject
Project("{FAE04EC0-301F-11D3-BF4B-00C04F79EFBC}") = "Redpoint.ThirdParty.React.Core", "Lib\Redpoint.ThirdParty.React.Core\Redpoint.ThirdParty.React.Core.csproj", "{6DAC890A-6F44-48E4-8856-CA0F4B386ABD}"
EndProject
Project("{FAE04EC0-301F-11D3-BF4B-00C04F79EFBC}") = "Redpoint.ThirdParty.React.AspNet", "Lib\Redpoint.ThirdParty.React.AspNet\Redpoint.ThirdParty.React.AspNet.csproj", "{E8A9F0BC-A88B-4ECC-AF23-5CE16D034AD4}"
EndProject
Project("{FAE04EC0-301F-11D3-BF4B-00C04F79EFBC}") = "Redpoint.ThirdParty.React.AspNet.Middleware", "Lib\Redpoint.ThirdParty.React.AspNet.Middleware\Redpoint.ThirdParty.React.AspNet.Middleware.csproj", "{3170055B-07AC-4BEB-ACFA-233108B09BCA}"
EndProject
Project("{FAE04EC0-301F-11D3-BF4B-00C04F79EFBC}") = "Redpoint.CloudFramework.Analyzer", "Redpoint.CloudFramework.Analyzer\Redpoint.CloudFramework.Analyzer.csproj", "{9B5C7773-7DF7-40B8-8C40-59A2E9823444}"
EndProject
Project("{FAE04EC0-301F-11D3-BF4B-00C04F79EFBC}") = "Redpoint.CloudFramework.Analyzer.CodeFixes", "Redpoint.CloudFramework.Analyzer.CodeFixes\Redpoint.CloudFramework.Analyzer.CodeFixes.csproj", "{A0A63A95-390D-494F-8AC0-7D0B0836770D}"
EndProject
Project("{FAE04EC0-301F-11D3-BF4B-00C04F79EFBC}") = "Redpoint.CloudFramework.Analyzer.Package", "Redpoint.CloudFramework.Analyzer.Package\Redpoint.CloudFramework.Analyzer.Package.csproj", "{C303BBC5-B739-45DB-A1DC-DFCA71DAA1C5}"
EndProject
Project("{FAE04EC0-301F-11D3-BF4B-00C04F79EFBC}") = "Redpoint.CloudFramework.Analyzer.Tests", "Redpoint.CloudFramework.Analyzer.Tests\Redpoint.CloudFramework.Analyzer.Tests.csproj", "{1078157C-2CCD-4A35-9910-2880C2E7EC03}"
EndProject
Project("{FAE04EC0-301F-11D3-BF4B-00C04F79EFBC}") = "Redpoint.CloudFramework.Abstractions", "Redpoint.CloudFramework.Abstractions\Redpoint.CloudFramework.Abstractions.csproj", "{EA5480E2-6C5D-48B9-87A9-16351DF4DCC1}"
EndProject
Project("{FAE04EC0-301F-11D3-BF4B-00C04F79EFBC}") = "Redpoint.ThirdParty.TestLogger", "Lib\Redpoint.ThirdParty.TestLogger\Redpoint.ThirdParty.TestLogger.csproj", "{F0F97AC5-7955-4223-AE03-5DF12547B777}"
EndProject
Project("{FAE04EC0-301F-11D3-BF4B-00C04F79EFBC}") = "Redpoint.ThirdParty.JUnit.Xml.TestLogger", "Lib\Redpoint.ThirdParty.JUnit.Xml.TestLogger\Redpoint.ThirdParty.JUnit.Xml.TestLogger.csproj", "{1E968B45-5B0A-488A-A0F3-8FBC41F41549}"
EndProject
Project("{FAE04EC0-301F-11D3-BF4B-00C04F79EFBC}") = "Redpoint.Uet.BuildPipeline.Executors.Jenkins", "Redpoint.Uet.BuildPipeline.Executors.Jenkins\Redpoint.Uet.BuildPipeline.Executors.Jenkins.csproj", "{C63FDDD4-A4D2-4DCE-B51C-4552CB968A08}"
EndProject
Project("{FAE04EC0-301F-11D3-BF4B-00C04F79EFBC}") = "Redpoint.KubernetesManager", "Redpoint.KubernetesManager\Redpoint.KubernetesManager.csproj", "{0BA37089-E030-4908-A456-6C40D948ACDD}"
EndProject
Project("{FAE04EC0-301F-11D3-BF4B-00C04F79EFBC}") = "Redpoint.Windows.HostNetworkingService.Tests", "Redpoint.Windows.HostNetworkingService.Tests\Redpoint.Windows.HostNetworkingService.Tests.csproj", "{91801BB9-7215-420E-B7FB-A7F58E1BB18F}"
EndProject
Project("{FAE04EC0-301F-11D3-BF4B-00C04F79EFBC}") = "Redpoint.Windows.HostNetworkingService", "Redpoint.Windows.HostNetworkingService\Redpoint.Windows.HostNetworkingService.csproj", "{CAA2B8FB-D8AB-3936-C9FF-99556D1C2850}"
EndProject
Project("{FAE04EC0-301F-11D3-BF4B-00C04F79EFBC}") = "Redpoint.Windows.Firewall", "Redpoint.Windows.Firewall\Redpoint.Windows.Firewall.csproj", "{29BA4DF0-B40E-4B27-8C2A-4F622F0B181A}"
EndProject
Global
	GlobalSection(SolutionConfigurationPlatforms) = preSolution
		Debug|Any CPU = Debug|Any CPU
		Release|Any CPU = Release|Any CPU
	EndGlobalSection
	GlobalSection(ProjectConfigurationPlatforms) = postSolution
		{0793FE80-7AE3-453B-82E1-DEA8EB08F055}.Debug|Any CPU.ActiveCfg = Debug|Any CPU
		{0793FE80-7AE3-453B-82E1-DEA8EB08F055}.Debug|Any CPU.Build.0 = Debug|Any CPU
		{0793FE80-7AE3-453B-82E1-DEA8EB08F055}.Release|Any CPU.ActiveCfg = Release|Any CPU
		{0793FE80-7AE3-453B-82E1-DEA8EB08F055}.Release|Any CPU.Build.0 = Release|Any CPU
		{341B64CE-B2A6-434F-802D-D80C2D9B7F43}.Debug|Any CPU.ActiveCfg = Debug|Any CPU
		{341B64CE-B2A6-434F-802D-D80C2D9B7F43}.Debug|Any CPU.Build.0 = Debug|Any CPU
		{341B64CE-B2A6-434F-802D-D80C2D9B7F43}.Release|Any CPU.ActiveCfg = Release|Any CPU
		{341B64CE-B2A6-434F-802D-D80C2D9B7F43}.Release|Any CPU.Build.0 = Release|Any CPU
		{6D6B6805-5B3F-4D6F-8E1E-BE312FD30D71}.Debug|Any CPU.ActiveCfg = Debug|Any CPU
		{6D6B6805-5B3F-4D6F-8E1E-BE312FD30D71}.Debug|Any CPU.Build.0 = Debug|Any CPU
		{6D6B6805-5B3F-4D6F-8E1E-BE312FD30D71}.Release|Any CPU.ActiveCfg = Release|Any CPU
		{6D6B6805-5B3F-4D6F-8E1E-BE312FD30D71}.Release|Any CPU.Build.0 = Release|Any CPU
		{3061D260-745C-4379-84CE-DBEE7FFC17D1}.Debug|Any CPU.ActiveCfg = Debug|Any CPU
		{3061D260-745C-4379-84CE-DBEE7FFC17D1}.Debug|Any CPU.Build.0 = Debug|Any CPU
		{3061D260-745C-4379-84CE-DBEE7FFC17D1}.Release|Any CPU.ActiveCfg = Release|Any CPU
		{3061D260-745C-4379-84CE-DBEE7FFC17D1}.Release|Any CPU.Build.0 = Release|Any CPU
		{51C10BFD-5E28-4A0B-A6CB-3FC449C96DA3}.Debug|Any CPU.ActiveCfg = Debug|Any CPU
		{51C10BFD-5E28-4A0B-A6CB-3FC449C96DA3}.Debug|Any CPU.Build.0 = Debug|Any CPU
		{51C10BFD-5E28-4A0B-A6CB-3FC449C96DA3}.Release|Any CPU.ActiveCfg = Release|Any CPU
		{51C10BFD-5E28-4A0B-A6CB-3FC449C96DA3}.Release|Any CPU.Build.0 = Release|Any CPU
		{11A8C3B3-D912-43F7-A9E9-DCC2AF7550C6}.Debug|Any CPU.ActiveCfg = Debug|Any CPU
		{11A8C3B3-D912-43F7-A9E9-DCC2AF7550C6}.Debug|Any CPU.Build.0 = Debug|Any CPU
		{11A8C3B3-D912-43F7-A9E9-DCC2AF7550C6}.Release|Any CPU.ActiveCfg = Release|Any CPU
		{11A8C3B3-D912-43F7-A9E9-DCC2AF7550C6}.Release|Any CPU.Build.0 = Release|Any CPU
		{E1D5A2B2-D2DA-4076-9D44-66FEFDB12286}.Debug|Any CPU.ActiveCfg = Debug|Any CPU
		{E1D5A2B2-D2DA-4076-9D44-66FEFDB12286}.Debug|Any CPU.Build.0 = Debug|Any CPU
		{E1D5A2B2-D2DA-4076-9D44-66FEFDB12286}.Release|Any CPU.ActiveCfg = Release|Any CPU
		{E1D5A2B2-D2DA-4076-9D44-66FEFDB12286}.Release|Any CPU.Build.0 = Release|Any CPU
		{CF310C8C-13C4-4444-B358-8038D67488B7}.Debug|Any CPU.ActiveCfg = Debug|Any CPU
		{CF310C8C-13C4-4444-B358-8038D67488B7}.Debug|Any CPU.Build.0 = Debug|Any CPU
		{CF310C8C-13C4-4444-B358-8038D67488B7}.Release|Any CPU.ActiveCfg = Release|Any CPU
		{CF310C8C-13C4-4444-B358-8038D67488B7}.Release|Any CPU.Build.0 = Release|Any CPU
		{61D4CE39-8C86-4BA0-AF8F-ECB6869AC504}.Debug|Any CPU.ActiveCfg = Debug|Any CPU
		{61D4CE39-8C86-4BA0-AF8F-ECB6869AC504}.Debug|Any CPU.Build.0 = Debug|Any CPU
		{61D4CE39-8C86-4BA0-AF8F-ECB6869AC504}.Release|Any CPU.ActiveCfg = Release|Any CPU
		{61D4CE39-8C86-4BA0-AF8F-ECB6869AC504}.Release|Any CPU.Build.0 = Release|Any CPU
		{DF778E31-98BB-4189-ADAC-D8BEC7314C5D}.Debug|Any CPU.ActiveCfg = Debug|Any CPU
		{DF778E31-98BB-4189-ADAC-D8BEC7314C5D}.Debug|Any CPU.Build.0 = Debug|Any CPU
		{DF778E31-98BB-4189-ADAC-D8BEC7314C5D}.Release|Any CPU.ActiveCfg = Release|Any CPU
		{DF778E31-98BB-4189-ADAC-D8BEC7314C5D}.Release|Any CPU.Build.0 = Release|Any CPU
		{8F4E55B7-4215-4B66-B5C2-968E3917374F}.Debug|Any CPU.ActiveCfg = Debug|Any CPU
		{8F4E55B7-4215-4B66-B5C2-968E3917374F}.Debug|Any CPU.Build.0 = Debug|Any CPU
		{8F4E55B7-4215-4B66-B5C2-968E3917374F}.Release|Any CPU.ActiveCfg = Release|Any CPU
		{8F4E55B7-4215-4B66-B5C2-968E3917374F}.Release|Any CPU.Build.0 = Release|Any CPU
		{B09236FD-2C6B-4578-9BE3-0C916A6FBF1A}.Debug|Any CPU.ActiveCfg = Debug|Any CPU
		{B09236FD-2C6B-4578-9BE3-0C916A6FBF1A}.Debug|Any CPU.Build.0 = Debug|Any CPU
		{B09236FD-2C6B-4578-9BE3-0C916A6FBF1A}.Release|Any CPU.ActiveCfg = Release|Any CPU
		{B09236FD-2C6B-4578-9BE3-0C916A6FBF1A}.Release|Any CPU.Build.0 = Release|Any CPU
		{3A0E6501-E703-423E-AA9A-7C17DBB9468C}.Debug|Any CPU.ActiveCfg = Debug|Any CPU
		{3A0E6501-E703-423E-AA9A-7C17DBB9468C}.Debug|Any CPU.Build.0 = Debug|Any CPU
		{3A0E6501-E703-423E-AA9A-7C17DBB9468C}.Release|Any CPU.ActiveCfg = Release|Any CPU
		{3A0E6501-E703-423E-AA9A-7C17DBB9468C}.Release|Any CPU.Build.0 = Release|Any CPU
		{61B4F4B2-32E2-47C0-862A-F5147E9BD56E}.Debug|Any CPU.ActiveCfg = Debug|Any CPU
		{61B4F4B2-32E2-47C0-862A-F5147E9BD56E}.Debug|Any CPU.Build.0 = Debug|Any CPU
		{61B4F4B2-32E2-47C0-862A-F5147E9BD56E}.Release|Any CPU.ActiveCfg = Release|Any CPU
		{61B4F4B2-32E2-47C0-862A-F5147E9BD56E}.Release|Any CPU.Build.0 = Release|Any CPU
		{3D095401-59B2-476D-B1FE-1617DAD78E94}.Debug|Any CPU.ActiveCfg = Debug|Any CPU
		{3D095401-59B2-476D-B1FE-1617DAD78E94}.Debug|Any CPU.Build.0 = Debug|Any CPU
		{3D095401-59B2-476D-B1FE-1617DAD78E94}.Release|Any CPU.ActiveCfg = Release|Any CPU
		{3D095401-59B2-476D-B1FE-1617DAD78E94}.Release|Any CPU.Build.0 = Release|Any CPU
		{80348F7C-DCE0-4479-AF3E-C2AB90B2FB4C}.Debug|Any CPU.ActiveCfg = Debug|Any CPU
		{80348F7C-DCE0-4479-AF3E-C2AB90B2FB4C}.Debug|Any CPU.Build.0 = Debug|Any CPU
		{80348F7C-DCE0-4479-AF3E-C2AB90B2FB4C}.Release|Any CPU.ActiveCfg = Release|Any CPU
		{80348F7C-DCE0-4479-AF3E-C2AB90B2FB4C}.Release|Any CPU.Build.0 = Release|Any CPU
		{4ACFA2D2-F5D7-428B-B144-F63350848E29}.Debug|Any CPU.ActiveCfg = Debug|Any CPU
		{4ACFA2D2-F5D7-428B-B144-F63350848E29}.Debug|Any CPU.Build.0 = Debug|Any CPU
		{4ACFA2D2-F5D7-428B-B144-F63350848E29}.Release|Any CPU.ActiveCfg = Release|Any CPU
		{4ACFA2D2-F5D7-428B-B144-F63350848E29}.Release|Any CPU.Build.0 = Release|Any CPU
		{559D9E41-C462-4C71-8709-20B0BCA82E89}.Debug|Any CPU.ActiveCfg = Debug|Any CPU
		{559D9E41-C462-4C71-8709-20B0BCA82E89}.Debug|Any CPU.Build.0 = Debug|Any CPU
		{559D9E41-C462-4C71-8709-20B0BCA82E89}.Release|Any CPU.ActiveCfg = Release|Any CPU
		{559D9E41-C462-4C71-8709-20B0BCA82E89}.Release|Any CPU.Build.0 = Release|Any CPU
		{B9FDEB77-EC8B-4E1C-A9F1-218A3671574D}.Debug|Any CPU.ActiveCfg = Debug|Any CPU
		{B9FDEB77-EC8B-4E1C-A9F1-218A3671574D}.Debug|Any CPU.Build.0 = Debug|Any CPU
		{B9FDEB77-EC8B-4E1C-A9F1-218A3671574D}.Release|Any CPU.ActiveCfg = Release|Any CPU
		{B9FDEB77-EC8B-4E1C-A9F1-218A3671574D}.Release|Any CPU.Build.0 = Release|Any CPU
		{5227BBD5-4CE7-4CB8-A60E-897E70664886}.Debug|Any CPU.ActiveCfg = Debug|Any CPU
		{5227BBD5-4CE7-4CB8-A60E-897E70664886}.Debug|Any CPU.Build.0 = Debug|Any CPU
		{5227BBD5-4CE7-4CB8-A60E-897E70664886}.Release|Any CPU.ActiveCfg = Release|Any CPU
		{5227BBD5-4CE7-4CB8-A60E-897E70664886}.Release|Any CPU.Build.0 = Release|Any CPU
		{06472079-680E-42CF-B381-4BD0DB0F2176}.Debug|Any CPU.ActiveCfg = Debug|Any CPU
		{06472079-680E-42CF-B381-4BD0DB0F2176}.Debug|Any CPU.Build.0 = Debug|Any CPU
		{06472079-680E-42CF-B381-4BD0DB0F2176}.Release|Any CPU.ActiveCfg = Release|Any CPU
		{06472079-680E-42CF-B381-4BD0DB0F2176}.Release|Any CPU.Build.0 = Release|Any CPU
		{43356EFA-3928-4DBD-B3C6-5FE559F98D59}.Debug|Any CPU.ActiveCfg = Debug|Any CPU
		{43356EFA-3928-4DBD-B3C6-5FE559F98D59}.Debug|Any CPU.Build.0 = Debug|Any CPU
		{43356EFA-3928-4DBD-B3C6-5FE559F98D59}.Release|Any CPU.ActiveCfg = Release|Any CPU
		{43356EFA-3928-4DBD-B3C6-5FE559F98D59}.Release|Any CPU.Build.0 = Release|Any CPU
		{A232563E-72E8-4914-96EF-298C665AB01C}.Debug|Any CPU.ActiveCfg = Debug|Any CPU
		{A232563E-72E8-4914-96EF-298C665AB01C}.Debug|Any CPU.Build.0 = Debug|Any CPU
		{A232563E-72E8-4914-96EF-298C665AB01C}.Release|Any CPU.ActiveCfg = Release|Any CPU
		{A232563E-72E8-4914-96EF-298C665AB01C}.Release|Any CPU.Build.0 = Release|Any CPU
		{61F94A70-0BE0-4BF3-921D-E7FE1B4C953D}.Debug|Any CPU.ActiveCfg = Debug|Any CPU
		{61F94A70-0BE0-4BF3-921D-E7FE1B4C953D}.Debug|Any CPU.Build.0 = Debug|Any CPU
		{61F94A70-0BE0-4BF3-921D-E7FE1B4C953D}.Release|Any CPU.ActiveCfg = Release|Any CPU
		{61F94A70-0BE0-4BF3-921D-E7FE1B4C953D}.Release|Any CPU.Build.0 = Release|Any CPU
		{F152B9D8-6814-43EA-A588-D8B7172BA142}.Debug|Any CPU.ActiveCfg = Debug|Any CPU
		{F152B9D8-6814-43EA-A588-D8B7172BA142}.Debug|Any CPU.Build.0 = Debug|Any CPU
		{F152B9D8-6814-43EA-A588-D8B7172BA142}.Release|Any CPU.ActiveCfg = Release|Any CPU
		{F152B9D8-6814-43EA-A588-D8B7172BA142}.Release|Any CPU.Build.0 = Release|Any CPU
		{ACA6E37D-1308-4B18-A8B2-9316699E3850}.Debug|Any CPU.ActiveCfg = Debug|Any CPU
		{ACA6E37D-1308-4B18-A8B2-9316699E3850}.Debug|Any CPU.Build.0 = Debug|Any CPU
		{ACA6E37D-1308-4B18-A8B2-9316699E3850}.Release|Any CPU.ActiveCfg = Release|Any CPU
		{ACA6E37D-1308-4B18-A8B2-9316699E3850}.Release|Any CPU.Build.0 = Release|Any CPU
		{D160E84A-97C5-4958-B196-D7C1C6A70AD8}.Debug|Any CPU.ActiveCfg = Debug|Any CPU
		{D160E84A-97C5-4958-B196-D7C1C6A70AD8}.Debug|Any CPU.Build.0 = Debug|Any CPU
		{D160E84A-97C5-4958-B196-D7C1C6A70AD8}.Release|Any CPU.ActiveCfg = Release|Any CPU
		{D160E84A-97C5-4958-B196-D7C1C6A70AD8}.Release|Any CPU.Build.0 = Release|Any CPU
		{AFFE7088-DBFA-4941-96BE-A5D8C9A578EB}.Debug|Any CPU.ActiveCfg = Debug|Any CPU
		{AFFE7088-DBFA-4941-96BE-A5D8C9A578EB}.Debug|Any CPU.Build.0 = Debug|Any CPU
		{AFFE7088-DBFA-4941-96BE-A5D8C9A578EB}.Release|Any CPU.ActiveCfg = Release|Any CPU
		{AFFE7088-DBFA-4941-96BE-A5D8C9A578EB}.Release|Any CPU.Build.0 = Release|Any CPU
		{3A9215AE-E602-4BA9-839D-7103567CD17C}.Debug|Any CPU.ActiveCfg = Debug|Any CPU
		{3A9215AE-E602-4BA9-839D-7103567CD17C}.Debug|Any CPU.Build.0 = Debug|Any CPU
		{3A9215AE-E602-4BA9-839D-7103567CD17C}.Release|Any CPU.ActiveCfg = Release|Any CPU
		{3A9215AE-E602-4BA9-839D-7103567CD17C}.Release|Any CPU.Build.0 = Release|Any CPU
		{08982DD1-5904-4FE6-8483-F9B70FE6CD35}.Debug|Any CPU.ActiveCfg = Debug|Any CPU
		{08982DD1-5904-4FE6-8483-F9B70FE6CD35}.Debug|Any CPU.Build.0 = Debug|Any CPU
		{08982DD1-5904-4FE6-8483-F9B70FE6CD35}.Release|Any CPU.ActiveCfg = Release|Any CPU
		{08982DD1-5904-4FE6-8483-F9B70FE6CD35}.Release|Any CPU.Build.0 = Release|Any CPU
		{F8FE548F-8B30-4008-AD13-D78CAB4E2530}.Debug|Any CPU.ActiveCfg = Debug|Any CPU
		{F8FE548F-8B30-4008-AD13-D78CAB4E2530}.Debug|Any CPU.Build.0 = Debug|Any CPU
		{F8FE548F-8B30-4008-AD13-D78CAB4E2530}.Release|Any CPU.ActiveCfg = Release|Any CPU
		{F8FE548F-8B30-4008-AD13-D78CAB4E2530}.Release|Any CPU.Build.0 = Release|Any CPU
		{BC5AFF31-6B88-4192-8C92-D7E4F27747BB}.Debug|Any CPU.ActiveCfg = Debug|Any CPU
		{BC5AFF31-6B88-4192-8C92-D7E4F27747BB}.Debug|Any CPU.Build.0 = Debug|Any CPU
		{BC5AFF31-6B88-4192-8C92-D7E4F27747BB}.Release|Any CPU.ActiveCfg = Release|Any CPU
		{BC5AFF31-6B88-4192-8C92-D7E4F27747BB}.Release|Any CPU.Build.0 = Release|Any CPU
		{A9B48D95-7F25-4D84-86E6-EE880D887E73}.Debug|Any CPU.ActiveCfg = Debug|Any CPU
		{A9B48D95-7F25-4D84-86E6-EE880D887E73}.Debug|Any CPU.Build.0 = Debug|Any CPU
		{A9B48D95-7F25-4D84-86E6-EE880D887E73}.Release|Any CPU.ActiveCfg = Release|Any CPU
		{A9B48D95-7F25-4D84-86E6-EE880D887E73}.Release|Any CPU.Build.0 = Release|Any CPU
		{EBDE9DB2-A31F-4FCF-A5D7-2ADED01D9234}.Debug|Any CPU.ActiveCfg = Debug|Any CPU
		{EBDE9DB2-A31F-4FCF-A5D7-2ADED01D9234}.Debug|Any CPU.Build.0 = Debug|Any CPU
		{EBDE9DB2-A31F-4FCF-A5D7-2ADED01D9234}.Release|Any CPU.ActiveCfg = Release|Any CPU
		{EBDE9DB2-A31F-4FCF-A5D7-2ADED01D9234}.Release|Any CPU.Build.0 = Release|Any CPU
		{AABC5A3D-CD47-4791-A937-41FBCE06002D}.Debug|Any CPU.ActiveCfg = Debug|Any CPU
		{AABC5A3D-CD47-4791-A937-41FBCE06002D}.Debug|Any CPU.Build.0 = Debug|Any CPU
		{AABC5A3D-CD47-4791-A937-41FBCE06002D}.Release|Any CPU.ActiveCfg = Release|Any CPU
		{AABC5A3D-CD47-4791-A937-41FBCE06002D}.Release|Any CPU.Build.0 = Release|Any CPU
		{D4429A72-543C-4212-B257-EB9DCA54A5A3}.Debug|Any CPU.ActiveCfg = Debug|Any CPU
		{D4429A72-543C-4212-B257-EB9DCA54A5A3}.Debug|Any CPU.Build.0 = Debug|Any CPU
		{D4429A72-543C-4212-B257-EB9DCA54A5A3}.Release|Any CPU.ActiveCfg = Release|Any CPU
		{D4429A72-543C-4212-B257-EB9DCA54A5A3}.Release|Any CPU.Build.0 = Release|Any CPU
		{EEE96D26-C59E-441C-B211-8EBD055B1301}.Debug|Any CPU.ActiveCfg = Debug|Any CPU
		{EEE96D26-C59E-441C-B211-8EBD055B1301}.Debug|Any CPU.Build.0 = Debug|Any CPU
		{EEE96D26-C59E-441C-B211-8EBD055B1301}.Release|Any CPU.ActiveCfg = Release|Any CPU
		{EEE96D26-C59E-441C-B211-8EBD055B1301}.Release|Any CPU.Build.0 = Release|Any CPU
		{B8D69B20-FE7B-479A-9B9B-80DE61AC8482}.Debug|Any CPU.ActiveCfg = Debug|Any CPU
		{B8D69B20-FE7B-479A-9B9B-80DE61AC8482}.Debug|Any CPU.Build.0 = Debug|Any CPU
		{B8D69B20-FE7B-479A-9B9B-80DE61AC8482}.Release|Any CPU.ActiveCfg = Release|Any CPU
		{B8D69B20-FE7B-479A-9B9B-80DE61AC8482}.Release|Any CPU.Build.0 = Release|Any CPU
		{601AE880-3F17-462A-BD9C-F85A53C9A8E9}.Debug|Any CPU.ActiveCfg = Debug|Any CPU
		{601AE880-3F17-462A-BD9C-F85A53C9A8E9}.Debug|Any CPU.Build.0 = Debug|Any CPU
		{601AE880-3F17-462A-BD9C-F85A53C9A8E9}.Release|Any CPU.ActiveCfg = Release|Any CPU
		{601AE880-3F17-462A-BD9C-F85A53C9A8E9}.Release|Any CPU.Build.0 = Release|Any CPU
		{1A9C533F-DF05-49DA-B87E-02EA5733ECA0}.Debug|Any CPU.ActiveCfg = Debug|Any CPU
		{1A9C533F-DF05-49DA-B87E-02EA5733ECA0}.Debug|Any CPU.Build.0 = Debug|Any CPU
		{1A9C533F-DF05-49DA-B87E-02EA5733ECA0}.Release|Any CPU.ActiveCfg = Release|Any CPU
		{1A9C533F-DF05-49DA-B87E-02EA5733ECA0}.Release|Any CPU.Build.0 = Release|Any CPU
		{D4BFBF83-3964-4862-9622-34912E363E0C}.Debug|Any CPU.ActiveCfg = Debug|Any CPU
		{D4BFBF83-3964-4862-9622-34912E363E0C}.Debug|Any CPU.Build.0 = Debug|Any CPU
		{D4BFBF83-3964-4862-9622-34912E363E0C}.Release|Any CPU.ActiveCfg = Release|Any CPU
		{D4BFBF83-3964-4862-9622-34912E363E0C}.Release|Any CPU.Build.0 = Release|Any CPU
		{3B0A8B9A-E3D7-433A-94E9-13F3D28A9DEC}.Debug|Any CPU.ActiveCfg = Debug|Any CPU
		{3B0A8B9A-E3D7-433A-94E9-13F3D28A9DEC}.Debug|Any CPU.Build.0 = Debug|Any CPU
		{3B0A8B9A-E3D7-433A-94E9-13F3D28A9DEC}.Release|Any CPU.ActiveCfg = Release|Any CPU
		{3B0A8B9A-E3D7-433A-94E9-13F3D28A9DEC}.Release|Any CPU.Build.0 = Release|Any CPU
		{0F295918-2CC1-42AA-826B-951290FE278E}.Debug|Any CPU.ActiveCfg = Debug|Any CPU
		{0F295918-2CC1-42AA-826B-951290FE278E}.Debug|Any CPU.Build.0 = Debug|Any CPU
		{0F295918-2CC1-42AA-826B-951290FE278E}.Release|Any CPU.ActiveCfg = Release|Any CPU
		{0F295918-2CC1-42AA-826B-951290FE278E}.Release|Any CPU.Build.0 = Release|Any CPU
		{77E54064-C2B5-4464-9285-4E576AA7BF21}.Debug|Any CPU.ActiveCfg = Debug|Any CPU
		{77E54064-C2B5-4464-9285-4E576AA7BF21}.Debug|Any CPU.Build.0 = Debug|Any CPU
		{77E54064-C2B5-4464-9285-4E576AA7BF21}.Release|Any CPU.ActiveCfg = Release|Any CPU
		{77E54064-C2B5-4464-9285-4E576AA7BF21}.Release|Any CPU.Build.0 = Release|Any CPU
		{A6F18B24-C2C3-47D7-B000-ED4B41105CB0}.Debug|Any CPU.ActiveCfg = Debug|Any CPU
		{A6F18B24-C2C3-47D7-B000-ED4B41105CB0}.Debug|Any CPU.Build.0 = Debug|Any CPU
		{A6F18B24-C2C3-47D7-B000-ED4B41105CB0}.Release|Any CPU.ActiveCfg = Release|Any CPU
		{A6F18B24-C2C3-47D7-B000-ED4B41105CB0}.Release|Any CPU.Build.0 = Release|Any CPU
		{502D1698-4F32-4838-B7EA-DFD5DA407561}.Debug|Any CPU.ActiveCfg = Debug|Any CPU
		{502D1698-4F32-4838-B7EA-DFD5DA407561}.Debug|Any CPU.Build.0 = Debug|Any CPU
		{502D1698-4F32-4838-B7EA-DFD5DA407561}.Release|Any CPU.ActiveCfg = Release|Any CPU
		{502D1698-4F32-4838-B7EA-DFD5DA407561}.Release|Any CPU.Build.0 = Release|Any CPU
		{F335E025-07A0-4D0C-A882-00A814C4EC52}.Debug|Any CPU.ActiveCfg = Debug|Any CPU
		{F335E025-07A0-4D0C-A882-00A814C4EC52}.Debug|Any CPU.Build.0 = Debug|Any CPU
		{F335E025-07A0-4D0C-A882-00A814C4EC52}.Release|Any CPU.ActiveCfg = Release|Any CPU
		{F335E025-07A0-4D0C-A882-00A814C4EC52}.Release|Any CPU.Build.0 = Release|Any CPU
		{FF9C0353-53C4-49D9-B8D1-7C6756120547}.Debug|Any CPU.ActiveCfg = Debug|Any CPU
		{FF9C0353-53C4-49D9-B8D1-7C6756120547}.Debug|Any CPU.Build.0 = Debug|Any CPU
		{FF9C0353-53C4-49D9-B8D1-7C6756120547}.Release|Any CPU.ActiveCfg = Release|Any CPU
		{FF9C0353-53C4-49D9-B8D1-7C6756120547}.Release|Any CPU.Build.0 = Release|Any CPU
		{0E81D8C3-CAFA-4DB4-9108-49361F6D1135}.Debug|Any CPU.ActiveCfg = Debug|Any CPU
		{0E81D8C3-CAFA-4DB4-9108-49361F6D1135}.Debug|Any CPU.Build.0 = Debug|Any CPU
		{0E81D8C3-CAFA-4DB4-9108-49361F6D1135}.Release|Any CPU.ActiveCfg = Release|Any CPU
		{0E81D8C3-CAFA-4DB4-9108-49361F6D1135}.Release|Any CPU.Build.0 = Release|Any CPU
		{05B65404-1B91-49A8-A079-0C90185B1B3A}.Debug|Any CPU.ActiveCfg = Debug|Any CPU
		{05B65404-1B91-49A8-A079-0C90185B1B3A}.Debug|Any CPU.Build.0 = Debug|Any CPU
		{05B65404-1B91-49A8-A079-0C90185B1B3A}.Release|Any CPU.ActiveCfg = Release|Any CPU
		{05B65404-1B91-49A8-A079-0C90185B1B3A}.Release|Any CPU.Build.0 = Release|Any CPU
		{DCA366B0-0E3D-4264-98D5-D57CCF557BA8}.Debug|Any CPU.ActiveCfg = Debug|Any CPU
		{DCA366B0-0E3D-4264-98D5-D57CCF557BA8}.Debug|Any CPU.Build.0 = Debug|Any CPU
		{DCA366B0-0E3D-4264-98D5-D57CCF557BA8}.Release|Any CPU.ActiveCfg = Release|Any CPU
		{DCA366B0-0E3D-4264-98D5-D57CCF557BA8}.Release|Any CPU.Build.0 = Release|Any CPU
		{73F9578E-2774-48E4-8F91-DBA9446B720C}.Debug|Any CPU.ActiveCfg = Debug|Any CPU
		{73F9578E-2774-48E4-8F91-DBA9446B720C}.Debug|Any CPU.Build.0 = Debug|Any CPU
		{73F9578E-2774-48E4-8F91-DBA9446B720C}.Release|Any CPU.ActiveCfg = Release|Any CPU
		{73F9578E-2774-48E4-8F91-DBA9446B720C}.Release|Any CPU.Build.0 = Release|Any CPU
		{3E3A2F9D-EAE2-48A0-B4EB-C2061913EF03}.Debug|Any CPU.ActiveCfg = Debug|Any CPU
		{3E3A2F9D-EAE2-48A0-B4EB-C2061913EF03}.Debug|Any CPU.Build.0 = Debug|Any CPU
		{3E3A2F9D-EAE2-48A0-B4EB-C2061913EF03}.Release|Any CPU.ActiveCfg = Release|Any CPU
		{3E3A2F9D-EAE2-48A0-B4EB-C2061913EF03}.Release|Any CPU.Build.0 = Release|Any CPU
		{DA90E23F-C2A7-4BBC-A376-4016FC4921EA}.Debug|Any CPU.ActiveCfg = Debug|Any CPU
		{DA90E23F-C2A7-4BBC-A376-4016FC4921EA}.Debug|Any CPU.Build.0 = Debug|Any CPU
		{DA90E23F-C2A7-4BBC-A376-4016FC4921EA}.Release|Any CPU.ActiveCfg = Release|Any CPU
		{DA90E23F-C2A7-4BBC-A376-4016FC4921EA}.Release|Any CPU.Build.0 = Release|Any CPU
		{95ABCE25-6191-42AB-B596-C63C924032E5}.Debug|Any CPU.ActiveCfg = Debug|Any CPU
		{95ABCE25-6191-42AB-B596-C63C924032E5}.Debug|Any CPU.Build.0 = Debug|Any CPU
		{95ABCE25-6191-42AB-B596-C63C924032E5}.Release|Any CPU.ActiveCfg = Release|Any CPU
		{95ABCE25-6191-42AB-B596-C63C924032E5}.Release|Any CPU.Build.0 = Release|Any CPU
		{4999F03C-05BA-4C82-8625-42462F73F219}.Debug|Any CPU.ActiveCfg = Debug|Any CPU
		{4999F03C-05BA-4C82-8625-42462F73F219}.Debug|Any CPU.Build.0 = Debug|Any CPU
		{4999F03C-05BA-4C82-8625-42462F73F219}.Release|Any CPU.ActiveCfg = Release|Any CPU
		{4999F03C-05BA-4C82-8625-42462F73F219}.Release|Any CPU.Build.0 = Release|Any CPU
		{9A46B69D-48C6-4D69-A3DC-EAA0B014F6BC}.Debug|Any CPU.ActiveCfg = Debug|Any CPU
		{9A46B69D-48C6-4D69-A3DC-EAA0B014F6BC}.Debug|Any CPU.Build.0 = Debug|Any CPU
		{9A46B69D-48C6-4D69-A3DC-EAA0B014F6BC}.Release|Any CPU.ActiveCfg = Release|Any CPU
		{9A46B69D-48C6-4D69-A3DC-EAA0B014F6BC}.Release|Any CPU.Build.0 = Release|Any CPU
		{54D23E01-A34F-426B-9E59-6C2A714DD519}.Debug|Any CPU.ActiveCfg = Debug|Any CPU
		{54D23E01-A34F-426B-9E59-6C2A714DD519}.Debug|Any CPU.Build.0 = Debug|Any CPU
		{54D23E01-A34F-426B-9E59-6C2A714DD519}.Release|Any CPU.ActiveCfg = Release|Any CPU
		{54D23E01-A34F-426B-9E59-6C2A714DD519}.Release|Any CPU.Build.0 = Release|Any CPU
		{B11BC4F1-7AC8-401C-873F-501A2C4714B3}.Debug|Any CPU.ActiveCfg = Debug|Any CPU
		{B11BC4F1-7AC8-401C-873F-501A2C4714B3}.Debug|Any CPU.Build.0 = Debug|Any CPU
		{B11BC4F1-7AC8-401C-873F-501A2C4714B3}.Release|Any CPU.ActiveCfg = Release|Any CPU
		{B11BC4F1-7AC8-401C-873F-501A2C4714B3}.Release|Any CPU.Build.0 = Release|Any CPU
		{B0F9C08C-D102-4BDC-AA1C-10BEC917B416}.Debug|Any CPU.ActiveCfg = Debug|Any CPU
		{B0F9C08C-D102-4BDC-AA1C-10BEC917B416}.Debug|Any CPU.Build.0 = Debug|Any CPU
		{B0F9C08C-D102-4BDC-AA1C-10BEC917B416}.Release|Any CPU.ActiveCfg = Release|Any CPU
		{B0F9C08C-D102-4BDC-AA1C-10BEC917B416}.Release|Any CPU.Build.0 = Release|Any CPU
		{300D3392-78CF-44E7-9E8C-F2FEEE8CEACB}.Debug|Any CPU.ActiveCfg = Debug|Any CPU
		{300D3392-78CF-44E7-9E8C-F2FEEE8CEACB}.Debug|Any CPU.Build.0 = Debug|Any CPU
		{300D3392-78CF-44E7-9E8C-F2FEEE8CEACB}.Release|Any CPU.ActiveCfg = Release|Any CPU
		{300D3392-78CF-44E7-9E8C-F2FEEE8CEACB}.Release|Any CPU.Build.0 = Release|Any CPU
		{6116F0F0-437A-458B-81A8-4BF064D2EE46}.Debug|Any CPU.ActiveCfg = Debug|Any CPU
		{6116F0F0-437A-458B-81A8-4BF064D2EE46}.Debug|Any CPU.Build.0 = Debug|Any CPU
		{6116F0F0-437A-458B-81A8-4BF064D2EE46}.Release|Any CPU.ActiveCfg = Release|Any CPU
		{6116F0F0-437A-458B-81A8-4BF064D2EE46}.Release|Any CPU.Build.0 = Release|Any CPU
		{F877E449-F582-4BED-B717-D5E2E9CE12C1}.Debug|Any CPU.ActiveCfg = Debug|Any CPU
		{F877E449-F582-4BED-B717-D5E2E9CE12C1}.Debug|Any CPU.Build.0 = Debug|Any CPU
		{F877E449-F582-4BED-B717-D5E2E9CE12C1}.Release|Any CPU.ActiveCfg = Release|Any CPU
		{F877E449-F582-4BED-B717-D5E2E9CE12C1}.Release|Any CPU.Build.0 = Release|Any CPU
		{CE707D97-EC72-4872-B7FF-01C07FCB377B}.Debug|Any CPU.ActiveCfg = Debug|Any CPU
		{CE707D97-EC72-4872-B7FF-01C07FCB377B}.Debug|Any CPU.Build.0 = Debug|Any CPU
		{CE707D97-EC72-4872-B7FF-01C07FCB377B}.Release|Any CPU.ActiveCfg = Release|Any CPU
		{CE707D97-EC72-4872-B7FF-01C07FCB377B}.Release|Any CPU.Build.0 = Release|Any CPU
		{25BDEFD6-45F4-44D8-8F81-7FAF965C1B1F}.Debug|Any CPU.ActiveCfg = Debug|Any CPU
		{25BDEFD6-45F4-44D8-8F81-7FAF965C1B1F}.Debug|Any CPU.Build.0 = Debug|Any CPU
		{25BDEFD6-45F4-44D8-8F81-7FAF965C1B1F}.Release|Any CPU.ActiveCfg = Release|Any CPU
		{25BDEFD6-45F4-44D8-8F81-7FAF965C1B1F}.Release|Any CPU.Build.0 = Release|Any CPU
		{C13BB84A-3E9D-4241-88DB-51E682A069FC}.Debug|Any CPU.ActiveCfg = Debug|Any CPU
		{C13BB84A-3E9D-4241-88DB-51E682A069FC}.Debug|Any CPU.Build.0 = Debug|Any CPU
		{C13BB84A-3E9D-4241-88DB-51E682A069FC}.Release|Any CPU.ActiveCfg = Release|Any CPU
		{C13BB84A-3E9D-4241-88DB-51E682A069FC}.Release|Any CPU.Build.0 = Release|Any CPU
		{4F4AC2F8-6127-4DCD-A9BA-1D9FB701892F}.Debug|Any CPU.ActiveCfg = Debug|Any CPU
		{4F4AC2F8-6127-4DCD-A9BA-1D9FB701892F}.Debug|Any CPU.Build.0 = Debug|Any CPU
		{4F4AC2F8-6127-4DCD-A9BA-1D9FB701892F}.Release|Any CPU.ActiveCfg = Release|Any CPU
		{4F4AC2F8-6127-4DCD-A9BA-1D9FB701892F}.Release|Any CPU.Build.0 = Release|Any CPU
		{2DA94C42-16CF-4203-9A29-9FD8D3A0E992}.Debug|Any CPU.ActiveCfg = Debug|Any CPU
		{2DA94C42-16CF-4203-9A29-9FD8D3A0E992}.Debug|Any CPU.Build.0 = Debug|Any CPU
		{2DA94C42-16CF-4203-9A29-9FD8D3A0E992}.Release|Any CPU.ActiveCfg = Release|Any CPU
		{2DA94C42-16CF-4203-9A29-9FD8D3A0E992}.Release|Any CPU.Build.0 = Release|Any CPU
		{7E03D964-85D1-4B17-B210-7AE1DC377993}.Debug|Any CPU.ActiveCfg = Debug|Any CPU
		{7E03D964-85D1-4B17-B210-7AE1DC377993}.Debug|Any CPU.Build.0 = Debug|Any CPU
		{7E03D964-85D1-4B17-B210-7AE1DC377993}.Release|Any CPU.ActiveCfg = Release|Any CPU
		{7E03D964-85D1-4B17-B210-7AE1DC377993}.Release|Any CPU.Build.0 = Release|Any CPU
		{EDFA5315-F7F4-4A0D-87EE-258CE47FE530}.Debug|Any CPU.ActiveCfg = Debug|Any CPU
		{EDFA5315-F7F4-4A0D-87EE-258CE47FE530}.Debug|Any CPU.Build.0 = Debug|Any CPU
		{EDFA5315-F7F4-4A0D-87EE-258CE47FE530}.Release|Any CPU.ActiveCfg = Release|Any CPU
		{EDFA5315-F7F4-4A0D-87EE-258CE47FE530}.Release|Any CPU.Build.0 = Release|Any CPU
		{C2C2EF16-44CD-49AA-B5AC-7770821E2AB5}.Debug|Any CPU.ActiveCfg = Debug|Any CPU
		{C2C2EF16-44CD-49AA-B5AC-7770821E2AB5}.Debug|Any CPU.Build.0 = Debug|Any CPU
		{C2C2EF16-44CD-49AA-B5AC-7770821E2AB5}.Release|Any CPU.ActiveCfg = Release|Any CPU
		{C2C2EF16-44CD-49AA-B5AC-7770821E2AB5}.Release|Any CPU.Build.0 = Release|Any CPU
		{4A9859C3-A146-4605-BD60-E88ACDB6DB74}.Debug|Any CPU.ActiveCfg = Debug|Any CPU
		{4A9859C3-A146-4605-BD60-E88ACDB6DB74}.Debug|Any CPU.Build.0 = Debug|Any CPU
		{4A9859C3-A146-4605-BD60-E88ACDB6DB74}.Release|Any CPU.ActiveCfg = Release|Any CPU
		{4A9859C3-A146-4605-BD60-E88ACDB6DB74}.Release|Any CPU.Build.0 = Release|Any CPU
		{3F580D9F-3174-4FEB-B3AB-D5369B2AFF27}.Debug|Any CPU.ActiveCfg = Debug|Any CPU
		{3F580D9F-3174-4FEB-B3AB-D5369B2AFF27}.Debug|Any CPU.Build.0 = Debug|Any CPU
		{3F580D9F-3174-4FEB-B3AB-D5369B2AFF27}.Release|Any CPU.ActiveCfg = Release|Any CPU
		{3F580D9F-3174-4FEB-B3AB-D5369B2AFF27}.Release|Any CPU.Build.0 = Release|Any CPU
		{844E9439-478B-4CBF-9453-8CA1302D3CE6}.Debug|Any CPU.ActiveCfg = Debug|Any CPU
		{844E9439-478B-4CBF-9453-8CA1302D3CE6}.Debug|Any CPU.Build.0 = Debug|Any CPU
		{844E9439-478B-4CBF-9453-8CA1302D3CE6}.Release|Any CPU.ActiveCfg = Release|Any CPU
		{844E9439-478B-4CBF-9453-8CA1302D3CE6}.Release|Any CPU.Build.0 = Release|Any CPU
		{E618F389-2B0B-4863-B2AF-619F8BC04296}.Debug|Any CPU.ActiveCfg = Debug|Any CPU
		{E618F389-2B0B-4863-B2AF-619F8BC04296}.Debug|Any CPU.Build.0 = Debug|Any CPU
		{E618F389-2B0B-4863-B2AF-619F8BC04296}.Release|Any CPU.ActiveCfg = Release|Any CPU
		{E618F389-2B0B-4863-B2AF-619F8BC04296}.Release|Any CPU.Build.0 = Release|Any CPU
		{6F33AFB8-93B3-487F-8864-877D63ECD04C}.Debug|Any CPU.ActiveCfg = Debug|Any CPU
		{6F33AFB8-93B3-487F-8864-877D63ECD04C}.Debug|Any CPU.Build.0 = Debug|Any CPU
		{6F33AFB8-93B3-487F-8864-877D63ECD04C}.Release|Any CPU.ActiveCfg = Release|Any CPU
		{6F33AFB8-93B3-487F-8864-877D63ECD04C}.Release|Any CPU.Build.0 = Release|Any CPU
		{619349E3-CA04-46E9-BD7D-9FC41A5394F7}.Debug|Any CPU.ActiveCfg = Debug|Any CPU
		{619349E3-CA04-46E9-BD7D-9FC41A5394F7}.Debug|Any CPU.Build.0 = Debug|Any CPU
		{619349E3-CA04-46E9-BD7D-9FC41A5394F7}.Release|Any CPU.ActiveCfg = Release|Any CPU
		{619349E3-CA04-46E9-BD7D-9FC41A5394F7}.Release|Any CPU.Build.0 = Release|Any CPU
		{04A479A1-984C-45EC-BBBB-D3E9244AAE8C}.Debug|Any CPU.ActiveCfg = Debug|Any CPU
		{04A479A1-984C-45EC-BBBB-D3E9244AAE8C}.Debug|Any CPU.Build.0 = Debug|Any CPU
		{04A479A1-984C-45EC-BBBB-D3E9244AAE8C}.Release|Any CPU.ActiveCfg = Release|Any CPU
		{04A479A1-984C-45EC-BBBB-D3E9244AAE8C}.Release|Any CPU.Build.0 = Release|Any CPU
		{8E2E00B4-B031-4BAB-B60C-119F710F9501}.Debug|Any CPU.ActiveCfg = Debug|Any CPU
		{8E2E00B4-B031-4BAB-B60C-119F710F9501}.Debug|Any CPU.Build.0 = Debug|Any CPU
		{8E2E00B4-B031-4BAB-B60C-119F710F9501}.Release|Any CPU.ActiveCfg = Release|Any CPU
		{8E2E00B4-B031-4BAB-B60C-119F710F9501}.Release|Any CPU.Build.0 = Release|Any CPU
		{3D3784E3-E7B3-4E36-9DD2-5425E44E89F1}.Debug|Any CPU.ActiveCfg = Debug|Any CPU
		{3D3784E3-E7B3-4E36-9DD2-5425E44E89F1}.Debug|Any CPU.Build.0 = Debug|Any CPU
		{3D3784E3-E7B3-4E36-9DD2-5425E44E89F1}.Release|Any CPU.ActiveCfg = Release|Any CPU
		{3D3784E3-E7B3-4E36-9DD2-5425E44E89F1}.Release|Any CPU.Build.0 = Release|Any CPU
		{6761CDD1-4EF9-41E5-A963-AA02607D90A3}.Debug|Any CPU.ActiveCfg = Debug|Any CPU
		{6761CDD1-4EF9-41E5-A963-AA02607D90A3}.Debug|Any CPU.Build.0 = Debug|Any CPU
		{6761CDD1-4EF9-41E5-A963-AA02607D90A3}.Release|Any CPU.ActiveCfg = Release|Any CPU
		{6761CDD1-4EF9-41E5-A963-AA02607D90A3}.Release|Any CPU.Build.0 = Release|Any CPU
		{CA0C220F-9B45-4E52-9B05-9C07C1C57A80}.Debug|Any CPU.ActiveCfg = Debug|Any CPU
		{CA0C220F-9B45-4E52-9B05-9C07C1C57A80}.Debug|Any CPU.Build.0 = Debug|Any CPU
		{CA0C220F-9B45-4E52-9B05-9C07C1C57A80}.Release|Any CPU.ActiveCfg = Release|Any CPU
		{CA0C220F-9B45-4E52-9B05-9C07C1C57A80}.Release|Any CPU.Build.0 = Release|Any CPU
		{4ACA3DDE-96CF-4FB4-A30F-5E2E5541D20D}.Debug|Any CPU.ActiveCfg = Debug|Any CPU
		{4ACA3DDE-96CF-4FB4-A30F-5E2E5541D20D}.Debug|Any CPU.Build.0 = Debug|Any CPU
		{4ACA3DDE-96CF-4FB4-A30F-5E2E5541D20D}.Release|Any CPU.ActiveCfg = Release|Any CPU
		{4ACA3DDE-96CF-4FB4-A30F-5E2E5541D20D}.Release|Any CPU.Build.0 = Release|Any CPU
		{3253D2FA-73AE-47E0-9F33-CDFB046BC7B5}.Debug|Any CPU.ActiveCfg = Debug|Any CPU
		{3253D2FA-73AE-47E0-9F33-CDFB046BC7B5}.Debug|Any CPU.Build.0 = Debug|Any CPU
		{3253D2FA-73AE-47E0-9F33-CDFB046BC7B5}.Release|Any CPU.ActiveCfg = Release|Any CPU
		{3253D2FA-73AE-47E0-9F33-CDFB046BC7B5}.Release|Any CPU.Build.0 = Release|Any CPU
		{8A10D911-5C71-4EAC-9174-D05DE8263FFB}.Debug|Any CPU.ActiveCfg = Debug|Any CPU
		{8A10D911-5C71-4EAC-9174-D05DE8263FFB}.Debug|Any CPU.Build.0 = Debug|Any CPU
		{8A10D911-5C71-4EAC-9174-D05DE8263FFB}.Release|Any CPU.ActiveCfg = Release|Any CPU
		{8A10D911-5C71-4EAC-9174-D05DE8263FFB}.Release|Any CPU.Build.0 = Release|Any CPU
		{456D512C-519B-4C15-895F-B0DEFBAF0276}.Debug|Any CPU.ActiveCfg = Debug|Any CPU
		{456D512C-519B-4C15-895F-B0DEFBAF0276}.Debug|Any CPU.Build.0 = Debug|Any CPU
		{456D512C-519B-4C15-895F-B0DEFBAF0276}.Release|Any CPU.ActiveCfg = Release|Any CPU
		{456D512C-519B-4C15-895F-B0DEFBAF0276}.Release|Any CPU.Build.0 = Release|Any CPU
		{B5639A77-CD62-4AD9-9796-36105398C375}.Debug|Any CPU.ActiveCfg = Debug|Any CPU
		{B5639A77-CD62-4AD9-9796-36105398C375}.Debug|Any CPU.Build.0 = Debug|Any CPU
		{B5639A77-CD62-4AD9-9796-36105398C375}.Release|Any CPU.ActiveCfg = Release|Any CPU
		{B5639A77-CD62-4AD9-9796-36105398C375}.Release|Any CPU.Build.0 = Release|Any CPU
		{5B12AF5D-2108-4CD7-AA8B-CFCDC79806CD}.Debug|Any CPU.ActiveCfg = Debug|Any CPU
		{5B12AF5D-2108-4CD7-AA8B-CFCDC79806CD}.Debug|Any CPU.Build.0 = Debug|Any CPU
		{5B12AF5D-2108-4CD7-AA8B-CFCDC79806CD}.Release|Any CPU.ActiveCfg = Release|Any CPU
		{5B12AF5D-2108-4CD7-AA8B-CFCDC79806CD}.Release|Any CPU.Build.0 = Release|Any CPU
		{3BDC0498-6B0E-49B2-87C4-F73138495666}.Debug|Any CPU.ActiveCfg = Debug|Any CPU
		{3BDC0498-6B0E-49B2-87C4-F73138495666}.Debug|Any CPU.Build.0 = Debug|Any CPU
		{3BDC0498-6B0E-49B2-87C4-F73138495666}.Release|Any CPU.ActiveCfg = Release|Any CPU
		{3BDC0498-6B0E-49B2-87C4-F73138495666}.Release|Any CPU.Build.0 = Release|Any CPU
		{770176ED-F5A8-4245-9DF4-70C1CD27DB59}.Debug|Any CPU.ActiveCfg = Debug|Any CPU
		{770176ED-F5A8-4245-9DF4-70C1CD27DB59}.Debug|Any CPU.Build.0 = Debug|Any CPU
		{770176ED-F5A8-4245-9DF4-70C1CD27DB59}.Release|Any CPU.ActiveCfg = Release|Any CPU
		{770176ED-F5A8-4245-9DF4-70C1CD27DB59}.Release|Any CPU.Build.0 = Release|Any CPU
		{DB9BBF50-AA05-442B-B8C1-F4C9C199BDA0}.Debug|Any CPU.ActiveCfg = Debug|Any CPU
		{DB9BBF50-AA05-442B-B8C1-F4C9C199BDA0}.Debug|Any CPU.Build.0 = Debug|Any CPU
		{DB9BBF50-AA05-442B-B8C1-F4C9C199BDA0}.Release|Any CPU.ActiveCfg = Release|Any CPU
		{DB9BBF50-AA05-442B-B8C1-F4C9C199BDA0}.Release|Any CPU.Build.0 = Release|Any CPU
		{486505E8-0113-4403-B197-66B347A820DE}.Debug|Any CPU.ActiveCfg = Debug|Any CPU
		{486505E8-0113-4403-B197-66B347A820DE}.Debug|Any CPU.Build.0 = Debug|Any CPU
		{486505E8-0113-4403-B197-66B347A820DE}.Release|Any CPU.ActiveCfg = Release|Any CPU
		{486505E8-0113-4403-B197-66B347A820DE}.Release|Any CPU.Build.0 = Release|Any CPU
		{92B55412-AF63-40DB-AE27-04E4F0CAB00D}.Debug|Any CPU.ActiveCfg = Debug|Any CPU
		{92B55412-AF63-40DB-AE27-04E4F0CAB00D}.Debug|Any CPU.Build.0 = Debug|Any CPU
		{92B55412-AF63-40DB-AE27-04E4F0CAB00D}.Release|Any CPU.ActiveCfg = Release|Any CPU
		{92B55412-AF63-40DB-AE27-04E4F0CAB00D}.Release|Any CPU.Build.0 = Release|Any CPU
		{1F198D46-E3CA-4F0D-90F1-D0D5E4A654AF}.Debug|Any CPU.ActiveCfg = Debug|Any CPU
		{1F198D46-E3CA-4F0D-90F1-D0D5E4A654AF}.Debug|Any CPU.Build.0 = Debug|Any CPU
		{1F198D46-E3CA-4F0D-90F1-D0D5E4A654AF}.Release|Any CPU.ActiveCfg = Release|Any CPU
		{1F198D46-E3CA-4F0D-90F1-D0D5E4A654AF}.Release|Any CPU.Build.0 = Release|Any CPU
		{C556AE5A-5378-405F-988E-6B29D56FB2E1}.Debug|Any CPU.ActiveCfg = Debug|Any CPU
		{C556AE5A-5378-405F-988E-6B29D56FB2E1}.Debug|Any CPU.Build.0 = Debug|Any CPU
		{C556AE5A-5378-405F-988E-6B29D56FB2E1}.Release|Any CPU.ActiveCfg = Release|Any CPU
		{C556AE5A-5378-405F-988E-6B29D56FB2E1}.Release|Any CPU.Build.0 = Release|Any CPU
		{456471ED-B935-432E-829B-9F384039D46C}.Debug|Any CPU.ActiveCfg = Debug|Any CPU
		{456471ED-B935-432E-829B-9F384039D46C}.Debug|Any CPU.Build.0 = Debug|Any CPU
		{456471ED-B935-432E-829B-9F384039D46C}.Release|Any CPU.ActiveCfg = Release|Any CPU
		{456471ED-B935-432E-829B-9F384039D46C}.Release|Any CPU.Build.0 = Release|Any CPU
		{DD298D20-E38E-4376-8A48-CBC9BA54A34F}.Debug|Any CPU.ActiveCfg = Debug|Any CPU
		{DD298D20-E38E-4376-8A48-CBC9BA54A34F}.Debug|Any CPU.Build.0 = Debug|Any CPU
		{DD298D20-E38E-4376-8A48-CBC9BA54A34F}.Release|Any CPU.ActiveCfg = Release|Any CPU
		{DD298D20-E38E-4376-8A48-CBC9BA54A34F}.Release|Any CPU.Build.0 = Release|Any CPU
		{CB604771-F0DF-4C2F-B91C-790DD4B34502}.Debug|Any CPU.ActiveCfg = Debug|Any CPU
		{CB604771-F0DF-4C2F-B91C-790DD4B34502}.Debug|Any CPU.Build.0 = Debug|Any CPU
		{CB604771-F0DF-4C2F-B91C-790DD4B34502}.Release|Any CPU.ActiveCfg = Release|Any CPU
		{CB604771-F0DF-4C2F-B91C-790DD4B34502}.Release|Any CPU.Build.0 = Release|Any CPU
		{57A7868A-B037-4EB6-BBFC-A0E7626B9E96}.Debug|Any CPU.ActiveCfg = Debug|Any CPU
		{57A7868A-B037-4EB6-BBFC-A0E7626B9E96}.Debug|Any CPU.Build.0 = Debug|Any CPU
		{57A7868A-B037-4EB6-BBFC-A0E7626B9E96}.Release|Any CPU.ActiveCfg = Release|Any CPU
		{57A7868A-B037-4EB6-BBFC-A0E7626B9E96}.Release|Any CPU.Build.0 = Release|Any CPU
		{8227A622-25F1-44D6-AC4B-E07EA56A24E3}.Debug|Any CPU.ActiveCfg = Debug|Any CPU
		{8227A622-25F1-44D6-AC4B-E07EA56A24E3}.Debug|Any CPU.Build.0 = Debug|Any CPU
		{8227A622-25F1-44D6-AC4B-E07EA56A24E3}.Release|Any CPU.ActiveCfg = Release|Any CPU
		{8227A622-25F1-44D6-AC4B-E07EA56A24E3}.Release|Any CPU.Build.0 = Release|Any CPU
		{005DEEF4-D262-4D69-920E-386308CC46FF}.Debug|Any CPU.ActiveCfg = Debug|Any CPU
		{005DEEF4-D262-4D69-920E-386308CC46FF}.Debug|Any CPU.Build.0 = Debug|Any CPU
		{005DEEF4-D262-4D69-920E-386308CC46FF}.Release|Any CPU.ActiveCfg = Release|Any CPU
		{005DEEF4-D262-4D69-920E-386308CC46FF}.Release|Any CPU.Build.0 = Release|Any CPU
		{45E16317-E87A-428E-B5ED-1885DA1BCFAC}.Debug|Any CPU.ActiveCfg = Debug|Any CPU
		{45E16317-E87A-428E-B5ED-1885DA1BCFAC}.Debug|Any CPU.Build.0 = Debug|Any CPU
		{45E16317-E87A-428E-B5ED-1885DA1BCFAC}.Release|Any CPU.ActiveCfg = Release|Any CPU
		{45E16317-E87A-428E-B5ED-1885DA1BCFAC}.Release|Any CPU.Build.0 = Release|Any CPU
		{29DD11F7-B326-4DF6-ACC8-09C0484C0EC5}.Debug|Any CPU.ActiveCfg = Debug|Any CPU
		{29DD11F7-B326-4DF6-ACC8-09C0484C0EC5}.Debug|Any CPU.Build.0 = Debug|Any CPU
		{29DD11F7-B326-4DF6-ACC8-09C0484C0EC5}.Release|Any CPU.ActiveCfg = Release|Any CPU
		{29DD11F7-B326-4DF6-ACC8-09C0484C0EC5}.Release|Any CPU.Build.0 = Release|Any CPU
		{D052B94C-9FFA-4755-AA0B-CC65ACA93FAE}.Debug|Any CPU.ActiveCfg = Debug|Any CPU
		{D052B94C-9FFA-4755-AA0B-CC65ACA93FAE}.Debug|Any CPU.Build.0 = Debug|Any CPU
		{D052B94C-9FFA-4755-AA0B-CC65ACA93FAE}.Release|Any CPU.ActiveCfg = Release|Any CPU
		{D052B94C-9FFA-4755-AA0B-CC65ACA93FAE}.Release|Any CPU.Build.0 = Release|Any CPU
		{C0C4F520-2CF7-4E68-88CE-CE9B03949845}.Debug|Any CPU.ActiveCfg = Debug|Any CPU
		{C0C4F520-2CF7-4E68-88CE-CE9B03949845}.Debug|Any CPU.Build.0 = Debug|Any CPU
		{C0C4F520-2CF7-4E68-88CE-CE9B03949845}.Release|Any CPU.ActiveCfg = Release|Any CPU
		{C0C4F520-2CF7-4E68-88CE-CE9B03949845}.Release|Any CPU.Build.0 = Release|Any CPU
		{3D2A0A14-A380-4C22-90A4-5C8A34D3408D}.Debug|Any CPU.ActiveCfg = Debug|Any CPU
		{3D2A0A14-A380-4C22-90A4-5C8A34D3408D}.Debug|Any CPU.Build.0 = Debug|Any CPU
		{3D2A0A14-A380-4C22-90A4-5C8A34D3408D}.Release|Any CPU.ActiveCfg = Release|Any CPU
		{3D2A0A14-A380-4C22-90A4-5C8A34D3408D}.Release|Any CPU.Build.0 = Release|Any CPU
		{C28793ED-B4E8-48F1-B0D5-32E29F58FD95}.Debug|Any CPU.ActiveCfg = Debug|Any CPU
		{C28793ED-B4E8-48F1-B0D5-32E29F58FD95}.Debug|Any CPU.Build.0 = Debug|Any CPU
		{C28793ED-B4E8-48F1-B0D5-32E29F58FD95}.Release|Any CPU.ActiveCfg = Release|Any CPU
		{C28793ED-B4E8-48F1-B0D5-32E29F58FD95}.Release|Any CPU.Build.0 = Release|Any CPU
		{4740E4E7-790B-49D5-9596-2B1FD7B0414E}.Debug|Any CPU.ActiveCfg = Debug|Any CPU
		{4740E4E7-790B-49D5-9596-2B1FD7B0414E}.Debug|Any CPU.Build.0 = Debug|Any CPU
		{4740E4E7-790B-49D5-9596-2B1FD7B0414E}.Release|Any CPU.ActiveCfg = Release|Any CPU
		{4740E4E7-790B-49D5-9596-2B1FD7B0414E}.Release|Any CPU.Build.0 = Release|Any CPU
		{F1AA2392-EC8D-4A7F-A6BB-E2125D668FDC}.Debug|Any CPU.ActiveCfg = Debug|Any CPU
		{F1AA2392-EC8D-4A7F-A6BB-E2125D668FDC}.Debug|Any CPU.Build.0 = Debug|Any CPU
		{F1AA2392-EC8D-4A7F-A6BB-E2125D668FDC}.Release|Any CPU.ActiveCfg = Release|Any CPU
		{F1AA2392-EC8D-4A7F-A6BB-E2125D668FDC}.Release|Any CPU.Build.0 = Release|Any CPU
		{A60B5F84-4B02-438F-8500-9DF59428764C}.Debug|Any CPU.ActiveCfg = Debug|Any CPU
		{A60B5F84-4B02-438F-8500-9DF59428764C}.Debug|Any CPU.Build.0 = Debug|Any CPU
		{A60B5F84-4B02-438F-8500-9DF59428764C}.Release|Any CPU.ActiveCfg = Release|Any CPU
		{A60B5F84-4B02-438F-8500-9DF59428764C}.Release|Any CPU.Build.0 = Release|Any CPU
		{AAB64112-C522-4FD2-8A28-84E7B17EFE92}.Debug|Any CPU.ActiveCfg = Debug|Any CPU
		{AAB64112-C522-4FD2-8A28-84E7B17EFE92}.Debug|Any CPU.Build.0 = Debug|Any CPU
		{AAB64112-C522-4FD2-8A28-84E7B17EFE92}.Release|Any CPU.ActiveCfg = Release|Any CPU
		{AAB64112-C522-4FD2-8A28-84E7B17EFE92}.Release|Any CPU.Build.0 = Release|Any CPU
		{19CBD6A9-7EEA-4DF9-8FEE-C5C6E5481745}.Debug|Any CPU.ActiveCfg = Debug|Any CPU
		{19CBD6A9-7EEA-4DF9-8FEE-C5C6E5481745}.Debug|Any CPU.Build.0 = Debug|Any CPU
		{19CBD6A9-7EEA-4DF9-8FEE-C5C6E5481745}.Release|Any CPU.ActiveCfg = Release|Any CPU
		{19CBD6A9-7EEA-4DF9-8FEE-C5C6E5481745}.Release|Any CPU.Build.0 = Release|Any CPU
		{12E6E565-DADA-472C-A4C6-F817988E16FA}.Debug|Any CPU.ActiveCfg = Debug|Any CPU
		{12E6E565-DADA-472C-A4C6-F817988E16FA}.Debug|Any CPU.Build.0 = Debug|Any CPU
		{12E6E565-DADA-472C-A4C6-F817988E16FA}.Release|Any CPU.ActiveCfg = Release|Any CPU
		{12E6E565-DADA-472C-A4C6-F817988E16FA}.Release|Any CPU.Build.0 = Release|Any CPU
		{B2DCE98C-3DFC-4471-B30B-6A48483846A0}.Debug|Any CPU.ActiveCfg = Debug|Any CPU
		{B2DCE98C-3DFC-4471-B30B-6A48483846A0}.Debug|Any CPU.Build.0 = Debug|Any CPU
		{B2DCE98C-3DFC-4471-B30B-6A48483846A0}.Release|Any CPU.ActiveCfg = Release|Any CPU
		{B2DCE98C-3DFC-4471-B30B-6A48483846A0}.Release|Any CPU.Build.0 = Release|Any CPU
		{2B4CFA87-62D2-4D52-B407-2067D3893EFC}.Debug|Any CPU.ActiveCfg = Debug|Any CPU
		{2B4CFA87-62D2-4D52-B407-2067D3893EFC}.Debug|Any CPU.Build.0 = Debug|Any CPU
		{2B4CFA87-62D2-4D52-B407-2067D3893EFC}.Release|Any CPU.ActiveCfg = Release|Any CPU
		{2B4CFA87-62D2-4D52-B407-2067D3893EFC}.Release|Any CPU.Build.0 = Release|Any CPU
		{7CCFE33C-98C5-4DC3-9F25-5AE5AE349960}.Debug|Any CPU.ActiveCfg = Debug|Any CPU
		{7CCFE33C-98C5-4DC3-9F25-5AE5AE349960}.Debug|Any CPU.Build.0 = Debug|Any CPU
		{7CCFE33C-98C5-4DC3-9F25-5AE5AE349960}.Release|Any CPU.ActiveCfg = Release|Any CPU
		{7CCFE33C-98C5-4DC3-9F25-5AE5AE349960}.Release|Any CPU.Build.0 = Release|Any CPU
		{996440E7-787A-4ACC-995A-5F9C45AC4553}.Debug|Any CPU.ActiveCfg = Debug|Any CPU
		{996440E7-787A-4ACC-995A-5F9C45AC4553}.Debug|Any CPU.Build.0 = Debug|Any CPU
		{996440E7-787A-4ACC-995A-5F9C45AC4553}.Release|Any CPU.ActiveCfg = Release|Any CPU
		{996440E7-787A-4ACC-995A-5F9C45AC4553}.Release|Any CPU.Build.0 = Release|Any CPU
		{E03E8912-B31C-46B2-8472-071EF1EA8E29}.Debug|Any CPU.ActiveCfg = Debug|Any CPU
		{E03E8912-B31C-46B2-8472-071EF1EA8E29}.Debug|Any CPU.Build.0 = Debug|Any CPU
		{E03E8912-B31C-46B2-8472-071EF1EA8E29}.Release|Any CPU.ActiveCfg = Release|Any CPU
		{E03E8912-B31C-46B2-8472-071EF1EA8E29}.Release|Any CPU.Build.0 = Release|Any CPU
		{8721710B-EF6D-483F-93A4-4D58CB4BE5B8}.Debug|Any CPU.ActiveCfg = Debug|Any CPU
		{8721710B-EF6D-483F-93A4-4D58CB4BE5B8}.Debug|Any CPU.Build.0 = Debug|Any CPU
		{8721710B-EF6D-483F-93A4-4D58CB4BE5B8}.Release|Any CPU.ActiveCfg = Release|Any CPU
		{8721710B-EF6D-483F-93A4-4D58CB4BE5B8}.Release|Any CPU.Build.0 = Release|Any CPU
		{0A5DB08A-1908-4D20-AAD5-2F7BE2476963}.Debug|Any CPU.ActiveCfg = Debug|Any CPU
		{0A5DB08A-1908-4D20-AAD5-2F7BE2476963}.Debug|Any CPU.Build.0 = Debug|Any CPU
		{0A5DB08A-1908-4D20-AAD5-2F7BE2476963}.Release|Any CPU.ActiveCfg = Release|Any CPU
		{0A5DB08A-1908-4D20-AAD5-2F7BE2476963}.Release|Any CPU.Build.0 = Release|Any CPU
		{1B11F560-43E2-4CCB-84BE-6E9419521A11}.Debug|Any CPU.ActiveCfg = Debug|Any CPU
		{1B11F560-43E2-4CCB-84BE-6E9419521A11}.Debug|Any CPU.Build.0 = Debug|Any CPU
		{1B11F560-43E2-4CCB-84BE-6E9419521A11}.Release|Any CPU.ActiveCfg = Release|Any CPU
		{1B11F560-43E2-4CCB-84BE-6E9419521A11}.Release|Any CPU.Build.0 = Release|Any CPU
		{C26D4377-9FBD-41CB-BDAE-07C3DEFEED97}.Debug|Any CPU.ActiveCfg = Debug|Any CPU
		{C26D4377-9FBD-41CB-BDAE-07C3DEFEED97}.Debug|Any CPU.Build.0 = Debug|Any CPU
		{C26D4377-9FBD-41CB-BDAE-07C3DEFEED97}.Release|Any CPU.ActiveCfg = Release|Any CPU
		{C26D4377-9FBD-41CB-BDAE-07C3DEFEED97}.Release|Any CPU.Build.0 = Release|Any CPU
		{E3EE2681-ACF4-4C49-96AB-20E7D2F7D7FA}.Debug|Any CPU.ActiveCfg = Debug|Any CPU
		{E3EE2681-ACF4-4C49-96AB-20E7D2F7D7FA}.Debug|Any CPU.Build.0 = Debug|Any CPU
		{E3EE2681-ACF4-4C49-96AB-20E7D2F7D7FA}.Release|Any CPU.ActiveCfg = Release|Any CPU
		{E3EE2681-ACF4-4C49-96AB-20E7D2F7D7FA}.Release|Any CPU.Build.0 = Release|Any CPU
		{2CB9C703-30D0-4D2C-AFD9-76EE522303DE}.Debug|Any CPU.ActiveCfg = Debug|Any CPU
		{2CB9C703-30D0-4D2C-AFD9-76EE522303DE}.Debug|Any CPU.Build.0 = Debug|Any CPU
		{2CB9C703-30D0-4D2C-AFD9-76EE522303DE}.Release|Any CPU.ActiveCfg = Release|Any CPU
		{2CB9C703-30D0-4D2C-AFD9-76EE522303DE}.Release|Any CPU.Build.0 = Release|Any CPU
		{F9E13021-E8BA-4C42-9435-E0EF3B6FDD58}.Debug|Any CPU.ActiveCfg = Debug|Any CPU
		{F9E13021-E8BA-4C42-9435-E0EF3B6FDD58}.Debug|Any CPU.Build.0 = Debug|Any CPU
		{F9E13021-E8BA-4C42-9435-E0EF3B6FDD58}.Release|Any CPU.ActiveCfg = Release|Any CPU
		{F9E13021-E8BA-4C42-9435-E0EF3B6FDD58}.Release|Any CPU.Build.0 = Release|Any CPU
		{C6E62F0F-450C-41F4-B35A-24E070903160}.Debug|Any CPU.ActiveCfg = Debug|Any CPU
		{C6E62F0F-450C-41F4-B35A-24E070903160}.Debug|Any CPU.Build.0 = Debug|Any CPU
		{C6E62F0F-450C-41F4-B35A-24E070903160}.Release|Any CPU.ActiveCfg = Release|Any CPU
		{C6E62F0F-450C-41F4-B35A-24E070903160}.Release|Any CPU.Build.0 = Release|Any CPU
		{AB41A2FF-9761-4B84-B4DE-BF0447AB9797}.Debug|Any CPU.ActiveCfg = Debug|Any CPU
		{AB41A2FF-9761-4B84-B4DE-BF0447AB9797}.Debug|Any CPU.Build.0 = Debug|Any CPU
		{AB41A2FF-9761-4B84-B4DE-BF0447AB9797}.Release|Any CPU.ActiveCfg = Release|Any CPU
		{AB41A2FF-9761-4B84-B4DE-BF0447AB9797}.Release|Any CPU.Build.0 = Release|Any CPU
		{33F268A7-125D-4213-80D3-144DECC39F6E}.Debug|Any CPU.ActiveCfg = Debug|Any CPU
		{33F268A7-125D-4213-80D3-144DECC39F6E}.Debug|Any CPU.Build.0 = Debug|Any CPU
		{33F268A7-125D-4213-80D3-144DECC39F6E}.Release|Any CPU.ActiveCfg = Release|Any CPU
		{33F268A7-125D-4213-80D3-144DECC39F6E}.Release|Any CPU.Build.0 = Release|Any CPU
		{990381D0-B955-4A8D-8F9D-F5CF498AE627}.Debug|Any CPU.ActiveCfg = Debug|Any CPU
		{990381D0-B955-4A8D-8F9D-F5CF498AE627}.Debug|Any CPU.Build.0 = Debug|Any CPU
		{990381D0-B955-4A8D-8F9D-F5CF498AE627}.Release|Any CPU.ActiveCfg = Release|Any CPU
		{990381D0-B955-4A8D-8F9D-F5CF498AE627}.Release|Any CPU.Build.0 = Release|Any CPU
		{7CDD0F44-C516-47E9-99E5-3885AD24636F}.Debug|Any CPU.ActiveCfg = Debug|Any CPU
		{7CDD0F44-C516-47E9-99E5-3885AD24636F}.Debug|Any CPU.Build.0 = Debug|Any CPU
		{7CDD0F44-C516-47E9-99E5-3885AD24636F}.Release|Any CPU.ActiveCfg = Release|Any CPU
		{7CDD0F44-C516-47E9-99E5-3885AD24636F}.Release|Any CPU.Build.0 = Release|Any CPU
		{D19B5289-C0A3-4025-834D-FA8AB1C19A32}.Debug|Any CPU.ActiveCfg = Debug|Any CPU
		{D19B5289-C0A3-4025-834D-FA8AB1C19A32}.Debug|Any CPU.Build.0 = Debug|Any CPU
		{D19B5289-C0A3-4025-834D-FA8AB1C19A32}.Release|Any CPU.ActiveCfg = Release|Any CPU
		{D19B5289-C0A3-4025-834D-FA8AB1C19A32}.Release|Any CPU.Build.0 = Release|Any CPU
		{2AAD5971-F06A-4B7A-9E11-538BEC82F247}.Debug|Any CPU.ActiveCfg = Debug|Any CPU
		{2AAD5971-F06A-4B7A-9E11-538BEC82F247}.Debug|Any CPU.Build.0 = Debug|Any CPU
		{2AAD5971-F06A-4B7A-9E11-538BEC82F247}.Release|Any CPU.ActiveCfg = Release|Any CPU
		{2AAD5971-F06A-4B7A-9E11-538BEC82F247}.Release|Any CPU.Build.0 = Release|Any CPU
		{2136131B-7D12-45D5-9CEF-A255FCF26A44}.Debug|Any CPU.ActiveCfg = Debug|Any CPU
		{2136131B-7D12-45D5-9CEF-A255FCF26A44}.Debug|Any CPU.Build.0 = Debug|Any CPU
		{2136131B-7D12-45D5-9CEF-A255FCF26A44}.Release|Any CPU.ActiveCfg = Release|Any CPU
		{2136131B-7D12-45D5-9CEF-A255FCF26A44}.Release|Any CPU.Build.0 = Release|Any CPU
		{1AAAACDA-D6D7-4C4B-8641-EB35B807AEFB}.Debug|Any CPU.ActiveCfg = Debug|Any CPU
		{1AAAACDA-D6D7-4C4B-8641-EB35B807AEFB}.Debug|Any CPU.Build.0 = Debug|Any CPU
		{1AAAACDA-D6D7-4C4B-8641-EB35B807AEFB}.Release|Any CPU.ActiveCfg = Release|Any CPU
		{1AAAACDA-D6D7-4C4B-8641-EB35B807AEFB}.Release|Any CPU.Build.0 = Release|Any CPU
		{0CCDC2FD-49C6-44B9-B230-0EB9222BFD49}.Debug|Any CPU.ActiveCfg = Debug|Any CPU
		{0CCDC2FD-49C6-44B9-B230-0EB9222BFD49}.Debug|Any CPU.Build.0 = Debug|Any CPU
		{0CCDC2FD-49C6-44B9-B230-0EB9222BFD49}.Release|Any CPU.ActiveCfg = Release|Any CPU
		{0CCDC2FD-49C6-44B9-B230-0EB9222BFD49}.Release|Any CPU.Build.0 = Release|Any CPU
		{07962749-5B1F-4510-8C58-40A393C9C044}.Debug|Any CPU.ActiveCfg = Debug|Any CPU
		{07962749-5B1F-4510-8C58-40A393C9C044}.Debug|Any CPU.Build.0 = Debug|Any CPU
		{07962749-5B1F-4510-8C58-40A393C9C044}.Release|Any CPU.ActiveCfg = Release|Any CPU
		{07962749-5B1F-4510-8C58-40A393C9C044}.Release|Any CPU.Build.0 = Release|Any CPU
		{696936DC-396A-449A-96ED-CF7018CEE558}.Debug|Any CPU.ActiveCfg = Debug|Any CPU
		{696936DC-396A-449A-96ED-CF7018CEE558}.Debug|Any CPU.Build.0 = Debug|Any CPU
		{696936DC-396A-449A-96ED-CF7018CEE558}.Release|Any CPU.ActiveCfg = Release|Any CPU
		{696936DC-396A-449A-96ED-CF7018CEE558}.Release|Any CPU.Build.0 = Release|Any CPU
		{6DAC890A-6F44-48E4-8856-CA0F4B386ABD}.Debug|Any CPU.ActiveCfg = Debug|Any CPU
		{6DAC890A-6F44-48E4-8856-CA0F4B386ABD}.Debug|Any CPU.Build.0 = Debug|Any CPU
		{6DAC890A-6F44-48E4-8856-CA0F4B386ABD}.Release|Any CPU.ActiveCfg = Release|Any CPU
		{6DAC890A-6F44-48E4-8856-CA0F4B386ABD}.Release|Any CPU.Build.0 = Release|Any CPU
		{E8A9F0BC-A88B-4ECC-AF23-5CE16D034AD4}.Debug|Any CPU.ActiveCfg = Debug|Any CPU
		{E8A9F0BC-A88B-4ECC-AF23-5CE16D034AD4}.Debug|Any CPU.Build.0 = Debug|Any CPU
		{E8A9F0BC-A88B-4ECC-AF23-5CE16D034AD4}.Release|Any CPU.ActiveCfg = Release|Any CPU
		{E8A9F0BC-A88B-4ECC-AF23-5CE16D034AD4}.Release|Any CPU.Build.0 = Release|Any CPU
		{3170055B-07AC-4BEB-ACFA-233108B09BCA}.Debug|Any CPU.ActiveCfg = Debug|Any CPU
		{3170055B-07AC-4BEB-ACFA-233108B09BCA}.Debug|Any CPU.Build.0 = Debug|Any CPU
		{3170055B-07AC-4BEB-ACFA-233108B09BCA}.Release|Any CPU.ActiveCfg = Release|Any CPU
		{3170055B-07AC-4BEB-ACFA-233108B09BCA}.Release|Any CPU.Build.0 = Release|Any CPU
		{9B5C7773-7DF7-40B8-8C40-59A2E9823444}.Debug|Any CPU.ActiveCfg = Debug|Any CPU
		{9B5C7773-7DF7-40B8-8C40-59A2E9823444}.Debug|Any CPU.Build.0 = Debug|Any CPU
		{9B5C7773-7DF7-40B8-8C40-59A2E9823444}.Release|Any CPU.ActiveCfg = Release|Any CPU
		{9B5C7773-7DF7-40B8-8C40-59A2E9823444}.Release|Any CPU.Build.0 = Release|Any CPU
		{A0A63A95-390D-494F-8AC0-7D0B0836770D}.Debug|Any CPU.ActiveCfg = Debug|Any CPU
		{A0A63A95-390D-494F-8AC0-7D0B0836770D}.Debug|Any CPU.Build.0 = Debug|Any CPU
		{A0A63A95-390D-494F-8AC0-7D0B0836770D}.Release|Any CPU.ActiveCfg = Release|Any CPU
		{A0A63A95-390D-494F-8AC0-7D0B0836770D}.Release|Any CPU.Build.0 = Release|Any CPU
		{C303BBC5-B739-45DB-A1DC-DFCA71DAA1C5}.Debug|Any CPU.ActiveCfg = Debug|Any CPU
		{C303BBC5-B739-45DB-A1DC-DFCA71DAA1C5}.Debug|Any CPU.Build.0 = Debug|Any CPU
		{C303BBC5-B739-45DB-A1DC-DFCA71DAA1C5}.Release|Any CPU.ActiveCfg = Release|Any CPU
		{C303BBC5-B739-45DB-A1DC-DFCA71DAA1C5}.Release|Any CPU.Build.0 = Release|Any CPU
		{1078157C-2CCD-4A35-9910-2880C2E7EC03}.Debug|Any CPU.ActiveCfg = Debug|Any CPU
		{1078157C-2CCD-4A35-9910-2880C2E7EC03}.Debug|Any CPU.Build.0 = Debug|Any CPU
		{1078157C-2CCD-4A35-9910-2880C2E7EC03}.Release|Any CPU.ActiveCfg = Release|Any CPU
		{1078157C-2CCD-4A35-9910-2880C2E7EC03}.Release|Any CPU.Build.0 = Release|Any CPU
		{EA5480E2-6C5D-48B9-87A9-16351DF4DCC1}.Debug|Any CPU.ActiveCfg = Debug|Any CPU
		{EA5480E2-6C5D-48B9-87A9-16351DF4DCC1}.Debug|Any CPU.Build.0 = Debug|Any CPU
		{EA5480E2-6C5D-48B9-87A9-16351DF4DCC1}.Release|Any CPU.ActiveCfg = Release|Any CPU
		{EA5480E2-6C5D-48B9-87A9-16351DF4DCC1}.Release|Any CPU.Build.0 = Release|Any CPU
		{F0F97AC5-7955-4223-AE03-5DF12547B777}.Debug|Any CPU.ActiveCfg = Debug|Any CPU
		{F0F97AC5-7955-4223-AE03-5DF12547B777}.Debug|Any CPU.Build.0 = Debug|Any CPU
		{F0F97AC5-7955-4223-AE03-5DF12547B777}.Release|Any CPU.ActiveCfg = Release|Any CPU
		{F0F97AC5-7955-4223-AE03-5DF12547B777}.Release|Any CPU.Build.0 = Release|Any CPU
		{1E968B45-5B0A-488A-A0F3-8FBC41F41549}.Debug|Any CPU.ActiveCfg = Debug|Any CPU
		{1E968B45-5B0A-488A-A0F3-8FBC41F41549}.Debug|Any CPU.Build.0 = Debug|Any CPU
		{1E968B45-5B0A-488A-A0F3-8FBC41F41549}.Release|Any CPU.ActiveCfg = Release|Any CPU
		{1E968B45-5B0A-488A-A0F3-8FBC41F41549}.Release|Any CPU.Build.0 = Release|Any CPU
		{C63FDDD4-A4D2-4DCE-B51C-4552CB968A08}.Debug|Any CPU.ActiveCfg = Debug|Any CPU
		{C63FDDD4-A4D2-4DCE-B51C-4552CB968A08}.Debug|Any CPU.Build.0 = Debug|Any CPU
		{C63FDDD4-A4D2-4DCE-B51C-4552CB968A08}.Release|Any CPU.ActiveCfg = Release|Any CPU
		{C63FDDD4-A4D2-4DCE-B51C-4552CB968A08}.Release|Any CPU.Build.0 = Release|Any CPU
		{0BA37089-E030-4908-A456-6C40D948ACDD}.Debug|Any CPU.ActiveCfg = Debug|Any CPU
		{0BA37089-E030-4908-A456-6C40D948ACDD}.Debug|Any CPU.Build.0 = Debug|Any CPU
		{0BA37089-E030-4908-A456-6C40D948ACDD}.Release|Any CPU.ActiveCfg = Release|Any CPU
		{0BA37089-E030-4908-A456-6C40D948ACDD}.Release|Any CPU.Build.0 = Release|Any CPU
		{91801BB9-7215-420E-B7FB-A7F58E1BB18F}.Debug|Any CPU.ActiveCfg = Debug|Any CPU
		{91801BB9-7215-420E-B7FB-A7F58E1BB18F}.Debug|Any CPU.Build.0 = Debug|Any CPU
		{91801BB9-7215-420E-B7FB-A7F58E1BB18F}.Release|Any CPU.ActiveCfg = Release|Any CPU
		{91801BB9-7215-420E-B7FB-A7F58E1BB18F}.Release|Any CPU.Build.0 = Release|Any CPU
		{CAA2B8FB-D8AB-3936-C9FF-99556D1C2850}.Debug|Any CPU.ActiveCfg = Debug|Any CPU
		{CAA2B8FB-D8AB-3936-C9FF-99556D1C2850}.Debug|Any CPU.Build.0 = Debug|Any CPU
		{CAA2B8FB-D8AB-3936-C9FF-99556D1C2850}.Release|Any CPU.ActiveCfg = Release|Any CPU
		{CAA2B8FB-D8AB-3936-C9FF-99556D1C2850}.Release|Any CPU.Build.0 = Release|Any CPU
		{29BA4DF0-B40E-4B27-8C2A-4F622F0B181A}.Debug|Any CPU.ActiveCfg = Debug|Any CPU
		{29BA4DF0-B40E-4B27-8C2A-4F622F0B181A}.Debug|Any CPU.Build.0 = Debug|Any CPU
		{29BA4DF0-B40E-4B27-8C2A-4F622F0B181A}.Release|Any CPU.ActiveCfg = Release|Any CPU
		{29BA4DF0-B40E-4B27-8C2A-4F622F0B181A}.Release|Any CPU.Build.0 = Release|Any CPU
	EndGlobalSection
	GlobalSection(SolutionProperties) = preSolution
		HideSolutionNode = FALSE
	EndGlobalSection
	GlobalSection(NestedProjects) = preSolution
		{0793FE80-7AE3-453B-82E1-DEA8EB08F055} = {8E63F862-5D4E-4DC0-A791-ADD349D4D2BD}
		{341B64CE-B2A6-434F-802D-D80C2D9B7F43} = {8E63F862-5D4E-4DC0-A791-ADD349D4D2BD}
		{6D6B6805-5B3F-4D6F-8E1E-BE312FD30D71} = {8E63F862-5D4E-4DC0-A791-ADD349D4D2BD}
		{3061D260-745C-4379-84CE-DBEE7FFC17D1} = {8E63F862-5D4E-4DC0-A791-ADD349D4D2BD}
		{51C10BFD-5E28-4A0B-A6CB-3FC449C96DA3} = {8E63F862-5D4E-4DC0-A791-ADD349D4D2BD}
		{11A8C3B3-D912-43F7-A9E9-DCC2AF7550C6} = {8E63F862-5D4E-4DC0-A791-ADD349D4D2BD}
		{CF310C8C-13C4-4444-B358-8038D67488B7} = {1AE4AFCD-0F49-4CEA-8439-F1AAA2CDD183}
		{61D4CE39-8C86-4BA0-AF8F-ECB6869AC504} = {1AE4AFCD-0F49-4CEA-8439-F1AAA2CDD183}
		{DF778E31-98BB-4189-ADAC-D8BEC7314C5D} = {1AE4AFCD-0F49-4CEA-8439-F1AAA2CDD183}
		{8F4E55B7-4215-4B66-B5C2-968E3917374F} = {1AE4AFCD-0F49-4CEA-8439-F1AAA2CDD183}
		{61B4F4B2-32E2-47C0-862A-F5147E9BD56E} = {1AE4AFCD-0F49-4CEA-8439-F1AAA2CDD183}
		{3D095401-59B2-476D-B1FE-1617DAD78E94} = {1AE4AFCD-0F49-4CEA-8439-F1AAA2CDD183}
		{80348F7C-DCE0-4479-AF3E-C2AB90B2FB4C} = {1AE4AFCD-0F49-4CEA-8439-F1AAA2CDD183}
		{4ACFA2D2-F5D7-428B-B144-F63350848E29} = {1AE4AFCD-0F49-4CEA-8439-F1AAA2CDD183}
		{559D9E41-C462-4C71-8709-20B0BCA82E89} = {1AE4AFCD-0F49-4CEA-8439-F1AAA2CDD183}
		{B9FDEB77-EC8B-4E1C-A9F1-218A3671574D} = {1AE4AFCD-0F49-4CEA-8439-F1AAA2CDD183}
		{06472079-680E-42CF-B381-4BD0DB0F2176} = {0BF83468-3C95-4B7E-AE5A-01E54464DC93}
		{43356EFA-3928-4DBD-B3C6-5FE559F98D59} = {0BF83468-3C95-4B7E-AE5A-01E54464DC93}
		{A232563E-72E8-4914-96EF-298C665AB01C} = {0BF83468-3C95-4B7E-AE5A-01E54464DC93}
		{F152B9D8-6814-43EA-A588-D8B7172BA142} = {0BF83468-3C95-4B7E-AE5A-01E54464DC93}
		{ACA6E37D-1308-4B18-A8B2-9316699E3850} = {1AE4AFCD-0F49-4CEA-8439-F1AAA2CDD183}
		{D160E84A-97C5-4958-B196-D7C1C6A70AD8} = {1AE4AFCD-0F49-4CEA-8439-F1AAA2CDD183}
		{AFFE7088-DBFA-4941-96BE-A5D8C9A578EB} = {1AE4AFCD-0F49-4CEA-8439-F1AAA2CDD183}
		{08982DD1-5904-4FE6-8483-F9B70FE6CD35} = {ECB67D09-5B69-448D-A6EB-62D7C7921883}
		{F8FE548F-8B30-4008-AD13-D78CAB4E2530} = {ECB67D09-5B69-448D-A6EB-62D7C7921883}
		{BC5AFF31-6B88-4192-8C92-D7E4F27747BB} = {ECB67D09-5B69-448D-A6EB-62D7C7921883}
		{A9B48D95-7F25-4D84-86E6-EE880D887E73} = {ECB67D09-5B69-448D-A6EB-62D7C7921883}
		{EBDE9DB2-A31F-4FCF-A5D7-2ADED01D9234} = {39698A12-7C9B-47F5-BA1A-9F4884A770AF}
		{AABC5A3D-CD47-4791-A937-41FBCE06002D} = {ECB67D09-5B69-448D-A6EB-62D7C7921883}
		{D4429A72-543C-4212-B257-EB9DCA54A5A3} = {ECB67D09-5B69-448D-A6EB-62D7C7921883}
		{EEE96D26-C59E-441C-B211-8EBD055B1301} = {ECB67D09-5B69-448D-A6EB-62D7C7921883}
		{B8D69B20-FE7B-479A-9B9B-80DE61AC8482} = {ECB67D09-5B69-448D-A6EB-62D7C7921883}
		{601AE880-3F17-462A-BD9C-F85A53C9A8E9} = {489584A0-3479-40D5-8F74-8D11C3265975}
		{1A9C533F-DF05-49DA-B87E-02EA5733ECA0} = {489584A0-3479-40D5-8F74-8D11C3265975}
		{D4BFBF83-3964-4862-9622-34912E363E0C} = {ECB67D09-5B69-448D-A6EB-62D7C7921883}
		{3B0A8B9A-E3D7-433A-94E9-13F3D28A9DEC} = {ECB67D09-5B69-448D-A6EB-62D7C7921883}
		{A6F18B24-C2C3-47D7-B000-ED4B41105CB0} = {1AE4AFCD-0F49-4CEA-8439-F1AAA2CDD183}
		{FF9C0353-53C4-49D9-B8D1-7C6756120547} = {1AE4AFCD-0F49-4CEA-8439-F1AAA2CDD183}
		{0E81D8C3-CAFA-4DB4-9108-49361F6D1135} = {1AE4AFCD-0F49-4CEA-8439-F1AAA2CDD183}
		{05B65404-1B91-49A8-A079-0C90185B1B3A} = {1AE4AFCD-0F49-4CEA-8439-F1AAA2CDD183}
		{DCA366B0-0E3D-4264-98D5-D57CCF557BA8} = {1AE4AFCD-0F49-4CEA-8439-F1AAA2CDD183}
		{3E3A2F9D-EAE2-48A0-B4EB-C2061913EF03} = {1AE4AFCD-0F49-4CEA-8439-F1AAA2CDD183}
		{DA90E23F-C2A7-4BBC-A376-4016FC4921EA} = {39698A12-7C9B-47F5-BA1A-9F4884A770AF}
		{95ABCE25-6191-42AB-B596-C63C924032E5} = {8E63F862-5D4E-4DC0-A791-ADD349D4D2BD}
		{4999F03C-05BA-4C82-8625-42462F73F219} = {ADB284EB-D1B3-4C7F-A993-64EBFECA10D8}
		{9A46B69D-48C6-4D69-A3DC-EAA0B014F6BC} = {ADB284EB-D1B3-4C7F-A993-64EBFECA10D8}
		{54D23E01-A34F-426B-9E59-6C2A714DD519} = {D6A1983F-C64F-46F2-8AC9-703AAC55A893}
		{B11BC4F1-7AC8-401C-873F-501A2C4714B3} = {39698A12-7C9B-47F5-BA1A-9F4884A770AF}
		{B0F9C08C-D102-4BDC-AA1C-10BEC917B416} = {D6A1983F-C64F-46F2-8AC9-703AAC55A893}
		{F877E449-F582-4BED-B717-D5E2E9CE12C1} = {F2440C79-EF37-46B2-8CF8-A3272E2BBD0E}
		{CE707D97-EC72-4872-B7FF-01C07FCB377B} = {D6A1983F-C64F-46F2-8AC9-703AAC55A893}
		{25BDEFD6-45F4-44D8-8F81-7FAF965C1B1F} = {D6A1983F-C64F-46F2-8AC9-703AAC55A893}
		{C13BB84A-3E9D-4241-88DB-51E682A069FC} = {D6A1983F-C64F-46F2-8AC9-703AAC55A893}
		{4F4AC2F8-6127-4DCD-A9BA-1D9FB701892F} = {D6A1983F-C64F-46F2-8AC9-703AAC55A893}
		{2DA94C42-16CF-4203-9A29-9FD8D3A0E992} = {D6A1983F-C64F-46F2-8AC9-703AAC55A893}
		{7E03D964-85D1-4B17-B210-7AE1DC377993} = {D6A1983F-C64F-46F2-8AC9-703AAC55A893}
		{EDFA5315-F7F4-4A0D-87EE-258CE47FE530} = {D6A1983F-C64F-46F2-8AC9-703AAC55A893}
		{C2C2EF16-44CD-49AA-B5AC-7770821E2AB5} = {D6A1983F-C64F-46F2-8AC9-703AAC55A893}
		{4A9859C3-A146-4605-BD60-E88ACDB6DB74} = {D6A1983F-C64F-46F2-8AC9-703AAC55A893}
		{3F580D9F-3174-4FEB-B3AB-D5369B2AFF27} = {D6A1983F-C64F-46F2-8AC9-703AAC55A893}
		{844E9439-478B-4CBF-9453-8CA1302D3CE6} = {D6A1983F-C64F-46F2-8AC9-703AAC55A893}
		{E618F389-2B0B-4863-B2AF-619F8BC04296} = {D6A1983F-C64F-46F2-8AC9-703AAC55A893}
		{6F33AFB8-93B3-487F-8864-877D63ECD04C} = {D6A1983F-C64F-46F2-8AC9-703AAC55A893}
		{619349E3-CA04-46E9-BD7D-9FC41A5394F7} = {D6A1983F-C64F-46F2-8AC9-703AAC55A893}
		{04A479A1-984C-45EC-BBBB-D3E9244AAE8C} = {D6A1983F-C64F-46F2-8AC9-703AAC55A893}
		{8E2E00B4-B031-4BAB-B60C-119F710F9501} = {D6A1983F-C64F-46F2-8AC9-703AAC55A893}
		{3D3784E3-E7B3-4E36-9DD2-5425E44E89F1} = {D6A1983F-C64F-46F2-8AC9-703AAC55A893}
		{6761CDD1-4EF9-41E5-A963-AA02607D90A3} = {D6A1983F-C64F-46F2-8AC9-703AAC55A893}
		{CA0C220F-9B45-4E52-9B05-9C07C1C57A80} = {D6A1983F-C64F-46F2-8AC9-703AAC55A893}
		{4ACA3DDE-96CF-4FB4-A30F-5E2E5541D20D} = {D6A1983F-C64F-46F2-8AC9-703AAC55A893}
		{3253D2FA-73AE-47E0-9F33-CDFB046BC7B5} = {D6A1983F-C64F-46F2-8AC9-703AAC55A893}
		{8A10D911-5C71-4EAC-9174-D05DE8263FFB} = {39698A12-7C9B-47F5-BA1A-9F4884A770AF}
		{5B12AF5D-2108-4CD7-AA8B-CFCDC79806CD} = {F2440C79-EF37-46B2-8CF8-A3272E2BBD0E}
		{3BDC0498-6B0E-49B2-87C4-F73138495666} = {F2440C79-EF37-46B2-8CF8-A3272E2BBD0E}
		{770176ED-F5A8-4245-9DF4-70C1CD27DB59} = {39698A12-7C9B-47F5-BA1A-9F4884A770AF}
		{1F198D46-E3CA-4F0D-90F1-D0D5E4A654AF} = {39698A12-7C9B-47F5-BA1A-9F4884A770AF}
		{C556AE5A-5378-405F-988E-6B29D56FB2E1} = {1AE4AFCD-0F49-4CEA-8439-F1AAA2CDD183}
		{57A7868A-B037-4EB6-BBFC-A0E7626B9E96} = {489584A0-3479-40D5-8F74-8D11C3265975}
		{8227A622-25F1-44D6-AC4B-E07EA56A24E3} = {489584A0-3479-40D5-8F74-8D11C3265975}
		{29DD11F7-B326-4DF6-ACC8-09C0484C0EC5} = {489584A0-3479-40D5-8F74-8D11C3265975}
		{D052B94C-9FFA-4755-AA0B-CC65ACA93FAE} = {489584A0-3479-40D5-8F74-8D11C3265975}
		{C0C4F520-2CF7-4E68-88CE-CE9B03949845} = {06D5B32E-ED75-4023-9A51-9640901DC695}
		{3D2A0A14-A380-4C22-90A4-5C8A34D3408D} = {39698A12-7C9B-47F5-BA1A-9F4884A770AF}
		{F1AA2392-EC8D-4A7F-A6BB-E2125D668FDC} = {345BF757-ABB7-4869-8797-B1E11A484650}
		{A60B5F84-4B02-438F-8500-9DF59428764C} = {345BF757-ABB7-4869-8797-B1E11A484650}
		{AAB64112-C522-4FD2-8A28-84E7B17EFE92} = {71CE6D4C-CA5F-42F3-8B7D-0A8DA1AE0774}
		{19CBD6A9-7EEA-4DF9-8FEE-C5C6E5481745} = {F2440C79-EF37-46B2-8CF8-A3272E2BBD0E}
		{7CCFE33C-98C5-4DC3-9F25-5AE5AE349960} = {F2440C79-EF37-46B2-8CF8-A3272E2BBD0E}
		{996440E7-787A-4ACC-995A-5F9C45AC4553} = {35C50DFA-3395-476D-98A2-777018F48076}
		{E03E8912-B31C-46B2-8472-071EF1EA8E29} = {35C50DFA-3395-476D-98A2-777018F48076}
		{8721710B-EF6D-483F-93A4-4D58CB4BE5B8} = {35C50DFA-3395-476D-98A2-777018F48076}
		{1B11F560-43E2-4CCB-84BE-6E9419521A11} = {A10A6C63-109E-4825-AA79-81B0AE279A76}
		{C26D4377-9FBD-41CB-BDAE-07C3DEFEED97} = {A10A6C63-109E-4825-AA79-81B0AE279A76}
		{E3EE2681-ACF4-4C49-96AB-20E7D2F7D7FA} = {39698A12-7C9B-47F5-BA1A-9F4884A770AF}
		{2CB9C703-30D0-4D2C-AFD9-76EE522303DE} = {ADB284EB-D1B3-4C7F-A993-64EBFECA10D8}
		{F9E13021-E8BA-4C42-9435-E0EF3B6FDD58} = {ADB284EB-D1B3-4C7F-A993-64EBFECA10D8}
		{C6E62F0F-450C-41F4-B35A-24E070903160} = {ADB284EB-D1B3-4C7F-A993-64EBFECA10D8}
		{AB41A2FF-9761-4B84-B4DE-BF0447AB9797} = {ACDC3FAA-0155-4946-B9BE-E0B9AAAC511E}
		{33F268A7-125D-4213-80D3-144DECC39F6E} = {ACDC3FAA-0155-4946-B9BE-E0B9AAAC511E}
		{990381D0-B955-4A8D-8F9D-F5CF498AE627} = {ACDC3FAA-0155-4946-B9BE-E0B9AAAC511E}
		{7CDD0F44-C516-47E9-99E5-3885AD24636F} = {A10A6C63-109E-4825-AA79-81B0AE279A76}
		{D19B5289-C0A3-4025-834D-FA8AB1C19A32} = {1AE4AFCD-0F49-4CEA-8439-F1AAA2CDD183}
		{2AAD5971-F06A-4B7A-9E11-538BEC82F247} = {586E33AB-CC82-4ADF-92F3-3B287A5AEEAC}
		{1AAAACDA-D6D7-4C4B-8641-EB35B807AEFB} = {A93D92E5-865B-4681-AC53-4B1689F1B3E8}
		{0CCDC2FD-49C6-44B9-B230-0EB9222BFD49} = {A93D92E5-865B-4681-AC53-4B1689F1B3E8}
		{07962749-5B1F-4510-8C58-40A393C9C044} = {A93D92E5-865B-4681-AC53-4B1689F1B3E8}
		{696936DC-396A-449A-96ED-CF7018CEE558} = {A93D92E5-865B-4681-AC53-4B1689F1B3E8}
		{6DAC890A-6F44-48E4-8856-CA0F4B386ABD} = {39698A12-7C9B-47F5-BA1A-9F4884A770AF}
		{E8A9F0BC-A88B-4ECC-AF23-5CE16D034AD4} = {39698A12-7C9B-47F5-BA1A-9F4884A770AF}
		{3170055B-07AC-4BEB-ACFA-233108B09BCA} = {39698A12-7C9B-47F5-BA1A-9F4884A770AF}
		{9B5C7773-7DF7-40B8-8C40-59A2E9823444} = {A93D92E5-865B-4681-AC53-4B1689F1B3E8}
		{A0A63A95-390D-494F-8AC0-7D0B0836770D} = {A93D92E5-865B-4681-AC53-4B1689F1B3E8}
		{C303BBC5-B739-45DB-A1DC-DFCA71DAA1C5} = {A93D92E5-865B-4681-AC53-4B1689F1B3E8}
		{1078157C-2CCD-4A35-9910-2880C2E7EC03} = {A93D92E5-865B-4681-AC53-4B1689F1B3E8}
		{EA5480E2-6C5D-48B9-87A9-16351DF4DCC1} = {A93D92E5-865B-4681-AC53-4B1689F1B3E8}
		{F0F97AC5-7955-4223-AE03-5DF12547B777} = {39698A12-7C9B-47F5-BA1A-9F4884A770AF}
		{1E968B45-5B0A-488A-A0F3-8FBC41F41549} = {39698A12-7C9B-47F5-BA1A-9F4884A770AF}
		{C63FDDD4-A4D2-4DCE-B51C-4552CB968A08} = {1AE4AFCD-0F49-4CEA-8439-F1AAA2CDD183}
		{91801BB9-7215-420E-B7FB-A7F58E1BB18F} = {0BF83468-3C95-4B7E-AE5A-01E54464DC93}
		{CAA2B8FB-D8AB-3936-C9FF-99556D1C2850} = {0BF83468-3C95-4B7E-AE5A-01E54464DC93}
		{29BA4DF0-B40E-4B27-8C2A-4F622F0B181A} = {0BF83468-3C95-4B7E-AE5A-01E54464DC93}
	EndGlobalSection
	GlobalSection(ExtensibilityGlobals) = postSolution
		SolutionGuid = {8598A278-509A-48A6-A7B3-3E3B0D1011F1}
	EndGlobalSection
	GlobalSection(SharedMSBuildProjectFiles) = preSolution
		Redpoint.SelfVersion\Redpoint.SelfVersion.projitems*{3a9215ae-e602-4ba9-839d-7103567cd17c}*SharedItemsImports = 5
		Redpoint.SelfVersion\Redpoint.SelfVersion.projitems*{da90e23f-c2a7-4bbc-a376-4016fc4921ea}*SharedItemsImports = 5
		Redpoint.SelfVersion\Redpoint.SelfVersion.projitems*{fb285e11-8f0f-4547-9a59-9805b4b0844f}*SharedItemsImports = 13
	EndGlobalSection
EndGlobal
