
Microsoft Visual Studio Solution File, Format Version 12.00
# Visual Studio Version 17
VisualStudioVersion = 17.4.33122.133
MinimumVisualStudioVersion = 10.0.40219.1
Project("{9A19103F-16F7-4668-BE54-9A1E7A4F7556}") = "Redpoint.Unreal.Serialization", "Redpoint.Unreal.Serialization\Redpoint.Unreal.Serialization.csproj", "{0793FE80-7AE3-453B-82E1-DEA8EB08F055}"
EndProject
Project("{9A19103F-16F7-4668-BE54-9A1E7A4F7556}") = "Redpoint.Unreal.Serialization.Tests", "Redpoint.Unreal.Serialization.Tests\Redpoint.Unreal.Serialization.Tests.csproj", "{341B64CE-B2A6-434F-802D-D80C2D9B7F43}"
EndProject
Project("{9A19103F-16F7-4668-BE54-9A1E7A4F7556}") = "Redpoint.Unreal.TcpMessaging", "Redpoint.Unreal.TcpMessaging\Redpoint.Unreal.TcpMessaging.csproj", "{6D6B6805-5B3F-4D6F-8E1E-BE312FD30D71}"
EndProject
Project("{9A19103F-16F7-4668-BE54-9A1E7A4F7556}") = "Redpoint.Unreal.TcpMessaging.Debugger", "Redpoint.Unreal.TcpMessaging.Debugger\Redpoint.Unreal.TcpMessaging.Debugger.csproj", "{3061D260-745C-4379-84CE-DBEE7FFC17D1}"
EndProject
Project("{9A19103F-16F7-4668-BE54-9A1E7A4F7556}") = "Redpoint.Unreal.TcpMessaging.Tests", "Redpoint.Unreal.TcpMessaging.Tests\Redpoint.Unreal.TcpMessaging.Tests.csproj", "{51C10BFD-5E28-4A0B-A6CB-3FC449C96DA3}"
EndProject
Project("{9A19103F-16F7-4668-BE54-9A1E7A4F7556}") = "Redpoint.Unreal.TcpMessaging.TestRunner", "Redpoint.Unreal.TcpMessaging.TestRunner\Redpoint.Unreal.TcpMessaging.TestRunner.csproj", "{11A8C3B3-D912-43F7-A9E9-DCC2AF7550C6}"
EndProject
Project("{9A19103F-16F7-4668-BE54-9A1E7A4F7556}") = "Redpoint.ProcessExecution", "Redpoint.ProcessExecution\Redpoint.ProcessExecution.csproj", "{E1D5A2B2-D2DA-4076-9D44-66FEFDB12286}"
EndProject
Project("{9A19103F-16F7-4668-BE54-9A1E7A4F7556}") = "Redpoint.UET.Configuration", "Redpoint.UET.Configuration\Redpoint.UET.Configuration.csproj", "{CF310C8C-13C4-4444-B358-8038D67488B7}"
EndProject
Project("{9A19103F-16F7-4668-BE54-9A1E7A4F7556}") = "Redpoint.UET.Workspace", "Redpoint.UET.Workspace\Redpoint.UET.Workspace.csproj", "{61D4CE39-8C86-4BA0-AF8F-ECB6869AC504}"
EndProject
Project("{9A19103F-16F7-4668-BE54-9A1E7A4F7556}") = "Redpoint.UET.Core", "Redpoint.UET.Core\Redpoint.UET.Core.csproj", "{DF778E31-98BB-4189-ADAC-D8BEC7314C5D}"
EndProject
Project("{9A19103F-16F7-4668-BE54-9A1E7A4F7556}") = "Redpoint.UET.UAT", "Redpoint.UET.UAT\Redpoint.UET.UAT.csproj", "{8F4E55B7-4215-4B66-B5C2-968E3917374F}"
EndProject
Project("{9A19103F-16F7-4668-BE54-9A1E7A4F7556}") = "Redpoint.PathResolution", "Redpoint.PathResolution\Redpoint.PathResolution.csproj", "{B09236FD-2C6B-4578-9BE3-0C916A6FBF1A}"
EndProject
Project("{9A19103F-16F7-4668-BE54-9A1E7A4F7556}") = "Redpoint.PathResolution.Tests", "Redpoint.PathResolution.Tests\Redpoint.PathResolution.Tests.csproj", "{3A0E6501-E703-423E-AA9A-7C17DBB9468C}"
EndProject
Project("{9A19103F-16F7-4668-BE54-9A1E7A4F7556}") = "Redpoint.UET.UAT.Tests", "Redpoint.UET.UAT.Tests\Redpoint.UET.UAT.Tests.csproj", "{61B4F4B2-32E2-47C0-862A-F5147E9BD56E}"
EndProject
Project("{9A19103F-16F7-4668-BE54-9A1E7A4F7556}") = "Redpoint.UET.Automation", "Redpoint.UET.Automation\Redpoint.UET.Automation.csproj", "{3D095401-59B2-476D-B1FE-1617DAD78E94}"
EndProject
Project("{9A19103F-16F7-4668-BE54-9A1E7A4F7556}") = "Redpoint.UET.SdkManagement", "Redpoint.UET.SdkManagement\Redpoint.UET.SdkManagement.csproj", "{80348F7C-DCE0-4479-AF3E-C2AB90B2FB4C}"
EndProject
Project("{9A19103F-16F7-4668-BE54-9A1E7A4F7556}") = "Redpoint.UET.SdkManagement.Install", "Redpoint.UET.SdkManagement.Install\Redpoint.UET.SdkManagement.Install.csproj", "{F561F679-F434-4DAB-A0F8-BD77CF9C5958}"
EndProject
Project("{9A19103F-16F7-4668-BE54-9A1E7A4F7556}") = "Redpoint.UET.SdkManagement.Tests", "Redpoint.UET.SdkManagement.Tests\Redpoint.UET.SdkManagement.Tests.csproj", "{4ACFA2D2-F5D7-428B-B144-F63350848E29}"
EndProject
Project("{9A19103F-16F7-4668-BE54-9A1E7A4F7556}") = "UET", "UET\UET.csproj", "{2307C5CA-384B-4AB6-8DB4-37799CC30E11}"
EndProject
Project("{9A19103F-16F7-4668-BE54-9A1E7A4F7556}") = "Redpoint.UET.BuildPipeline", "Redpoint.UET.BuildPipeline\Redpoint.UET.BuildPipeline.csproj", "{559D9E41-C462-4C71-8709-20B0BCA82E89}"
EndProject
Project("{9A19103F-16F7-4668-BE54-9A1E7A4F7556}") = "Redpoint.UET.BuildPipeline.Tests", "Redpoint.UET.BuildPipeline.Tests\Redpoint.UET.BuildPipeline.Tests.csproj", "{B9FDEB77-EC8B-4E1C-A9F1-218A3671574D}"
EndProject
Project("{9A19103F-16F7-4668-BE54-9A1E7A4F7556}") = "Redpoint.UET.BuildPipeline.TestRunner", "Redpoint.UET.BuildPipeline.TestRunner\Redpoint.UET.BuildPipeline.TestRunner.csproj", "{5C4E5E66-23AA-499D-B3CD-DD374F8CD2BB}"
EndProject
Project("{2150E333-8FDC-42A3-9474-1A3956D46DE8}") = "Lib", "Lib", "{39698A12-7C9B-47F5-BA1A-9F4884A770AF}"
EndProject
Project("{9A19103F-16F7-4668-BE54-9A1E7A4F7556}") = "CredentialManagement", "Lib\CredentialManagement\CredentialManagement.csproj", "{5CED9D92-D478-41B2-84F3-A3D41B642BB2}"
EndProject
Project("{9A19103F-16F7-4668-BE54-9A1E7A4F7556}") = "Redpoint.MSBuildResolution", "Redpoint.MSBuildResolution\Redpoint.MSBuildResolution.csproj", "{5227BBD5-4CE7-4CB8-A60E-897E70664886}"
EndProject
Project("{9A19103F-16F7-4668-BE54-9A1E7A4F7556}") = "Redpoint.Windows.HCS", "Redpoint.Windows.HCS\Redpoint.Windows.HCS.csproj", "{3B8E64F7-9FD1-4997-BE4E-2AB5CB46E2C7}"
EndProject
Project("{9A19103F-16F7-4668-BE54-9A1E7A4F7556}") = "Redpoint.Windows.HCS.Tests", "Redpoint.Windows.HCS.Tests\Redpoint.Windows.HCS.Tests.csproj", "{494B9D60-4C08-41FB-9CBD-2FA8FB8EBD6C}"
EndProject
Project("{FAE04EC0-301F-11D3-BF4B-00C04F79EFBC}") = "Redpoint.Windows.VolumeManagement", "Redpoint.Windows.VolumeManagement\Redpoint.Windows.VolumeManagement.csproj", "{06472079-680E-42CF-B381-4BD0DB0F2176}"
EndProject
Project("{FAE04EC0-301F-11D3-BF4B-00C04F79EFBC}") = "Redpoint.Windows.VolumeManagement.Tests", "Redpoint.Windows.VolumeManagement.Tests\Redpoint.Windows.VolumeManagement.Tests.csproj", "{43356EFA-3928-4DBD-B3C6-5FE559F98D59}"
EndProject
Project("{FAE04EC0-301F-11D3-BF4B-00C04F79EFBC}") = "Redpoint.Windows.HandleManagement", "Redpoint.Windows.HandleManagement\Redpoint.Windows.HandleManagement.csproj", "{A232563E-72E8-4914-96EF-298C665AB01C}"
EndProject
Project("{FAE04EC0-301F-11D3-BF4B-00C04F79EFBC}") = "Redpoint.Collections", "Redpoint.Collections\Redpoint.Collections.csproj", "{61F94A70-0BE0-4BF3-921D-E7FE1B4C953D}"
EndProject
Project("{FAE04EC0-301F-11D3-BF4B-00C04F79EFBC}") = "Redpoint.Windows.HandleManagement.Tests", "Redpoint.Windows.HandleManagement.Tests\Redpoint.Windows.HandleManagement.Tests.csproj", "{F152B9D8-6814-43EA-A588-D8B7172BA142}"
EndProject
Global
	GlobalSection(SolutionConfigurationPlatforms) = preSolution
		Debug|Any CPU = Debug|Any CPU
		Release|Any CPU = Release|Any CPU
	EndGlobalSection
	GlobalSection(ProjectConfigurationPlatforms) = postSolution
		{0793FE80-7AE3-453B-82E1-DEA8EB08F055}.Debug|Any CPU.ActiveCfg = Debug|Any CPU
		{0793FE80-7AE3-453B-82E1-DEA8EB08F055}.Debug|Any CPU.Build.0 = Debug|Any CPU
		{0793FE80-7AE3-453B-82E1-DEA8EB08F055}.Release|Any CPU.ActiveCfg = Release|Any CPU
		{0793FE80-7AE3-453B-82E1-DEA8EB08F055}.Release|Any CPU.Build.0 = Release|Any CPU
		{341B64CE-B2A6-434F-802D-D80C2D9B7F43}.Debug|Any CPU.ActiveCfg = Debug|Any CPU
		{341B64CE-B2A6-434F-802D-D80C2D9B7F43}.Debug|Any CPU.Build.0 = Debug|Any CPU
		{341B64CE-B2A6-434F-802D-D80C2D9B7F43}.Release|Any CPU.ActiveCfg = Release|Any CPU
		{341B64CE-B2A6-434F-802D-D80C2D9B7F43}.Release|Any CPU.Build.0 = Release|Any CPU
		{6D6B6805-5B3F-4D6F-8E1E-BE312FD30D71}.Debug|Any CPU.ActiveCfg = Debug|Any CPU
		{6D6B6805-5B3F-4D6F-8E1E-BE312FD30D71}.Debug|Any CPU.Build.0 = Debug|Any CPU
		{6D6B6805-5B3F-4D6F-8E1E-BE312FD30D71}.Release|Any CPU.ActiveCfg = Release|Any CPU
		{6D6B6805-5B3F-4D6F-8E1E-BE312FD30D71}.Release|Any CPU.Build.0 = Release|Any CPU
		{3061D260-745C-4379-84CE-DBEE7FFC17D1}.Debug|Any CPU.ActiveCfg = Debug|Any CPU
		{3061D260-745C-4379-84CE-DBEE7FFC17D1}.Debug|Any CPU.Build.0 = Debug|Any CPU
		{3061D260-745C-4379-84CE-DBEE7FFC17D1}.Release|Any CPU.ActiveCfg = Release|Any CPU
		{3061D260-745C-4379-84CE-DBEE7FFC17D1}.Release|Any CPU.Build.0 = Release|Any CPU
		{51C10BFD-5E28-4A0B-A6CB-3FC449C96DA3}.Debug|Any CPU.ActiveCfg = Debug|Any CPU
		{51C10BFD-5E28-4A0B-A6CB-3FC449C96DA3}.Debug|Any CPU.Build.0 = Debug|Any CPU
		{51C10BFD-5E28-4A0B-A6CB-3FC449C96DA3}.Release|Any CPU.ActiveCfg = Release|Any CPU
		{51C10BFD-5E28-4A0B-A6CB-3FC449C96DA3}.Release|Any CPU.Build.0 = Release|Any CPU
		{11A8C3B3-D912-43F7-A9E9-DCC2AF7550C6}.Debug|Any CPU.ActiveCfg = Debug|Any CPU
		{11A8C3B3-D912-43F7-A9E9-DCC2AF7550C6}.Debug|Any CPU.Build.0 = Debug|Any CPU
		{11A8C3B3-D912-43F7-A9E9-DCC2AF7550C6}.Release|Any CPU.ActiveCfg = Release|Any CPU
		{11A8C3B3-D912-43F7-A9E9-DCC2AF7550C6}.Release|Any CPU.Build.0 = Release|Any CPU
		{E1D5A2B2-D2DA-4076-9D44-66FEFDB12286}.Debug|Any CPU.ActiveCfg = Debug|Any CPU
		{E1D5A2B2-D2DA-4076-9D44-66FEFDB12286}.Debug|Any CPU.Build.0 = Debug|Any CPU
		{E1D5A2B2-D2DA-4076-9D44-66FEFDB12286}.Release|Any CPU.ActiveCfg = Release|Any CPU
		{E1D5A2B2-D2DA-4076-9D44-66FEFDB12286}.Release|Any CPU.Build.0 = Release|Any CPU
		{CF310C8C-13C4-4444-B358-8038D67488B7}.Debug|Any CPU.ActiveCfg = Debug|Any CPU
		{CF310C8C-13C4-4444-B358-8038D67488B7}.Debug|Any CPU.Build.0 = Debug|Any CPU
		{CF310C8C-13C4-4444-B358-8038D67488B7}.Release|Any CPU.ActiveCfg = Release|Any CPU
		{CF310C8C-13C4-4444-B358-8038D67488B7}.Release|Any CPU.Build.0 = Release|Any CPU
		{61D4CE39-8C86-4BA0-AF8F-ECB6869AC504}.Debug|Any CPU.ActiveCfg = Debug|Any CPU
		{61D4CE39-8C86-4BA0-AF8F-ECB6869AC504}.Debug|Any CPU.Build.0 = Debug|Any CPU
		{61D4CE39-8C86-4BA0-AF8F-ECB6869AC504}.Release|Any CPU.ActiveCfg = Release|Any CPU
		{61D4CE39-8C86-4BA0-AF8F-ECB6869AC504}.Release|Any CPU.Build.0 = Release|Any CPU
		{DF778E31-98BB-4189-ADAC-D8BEC7314C5D}.Debug|Any CPU.ActiveCfg = Debug|Any CPU
		{DF778E31-98BB-4189-ADAC-D8BEC7314C5D}.Debug|Any CPU.Build.0 = Debug|Any CPU
		{DF778E31-98BB-4189-ADAC-D8BEC7314C5D}.Release|Any CPU.ActiveCfg = Release|Any CPU
		{DF778E31-98BB-4189-ADAC-D8BEC7314C5D}.Release|Any CPU.Build.0 = Release|Any CPU
		{8F4E55B7-4215-4B66-B5C2-968E3917374F}.Debug|Any CPU.ActiveCfg = Debug|Any CPU
		{8F4E55B7-4215-4B66-B5C2-968E3917374F}.Debug|Any CPU.Build.0 = Debug|Any CPU
		{8F4E55B7-4215-4B66-B5C2-968E3917374F}.Release|Any CPU.ActiveCfg = Release|Any CPU
		{8F4E55B7-4215-4B66-B5C2-968E3917374F}.Release|Any CPU.Build.0 = Release|Any CPU
		{B09236FD-2C6B-4578-9BE3-0C916A6FBF1A}.Debug|Any CPU.ActiveCfg = Debug|Any CPU
		{B09236FD-2C6B-4578-9BE3-0C916A6FBF1A}.Debug|Any CPU.Build.0 = Debug|Any CPU
		{B09236FD-2C6B-4578-9BE3-0C916A6FBF1A}.Release|Any CPU.ActiveCfg = Release|Any CPU
		{B09236FD-2C6B-4578-9BE3-0C916A6FBF1A}.Release|Any CPU.Build.0 = Release|Any CPU
		{3A0E6501-E703-423E-AA9A-7C17DBB9468C}.Debug|Any CPU.ActiveCfg = Debug|Any CPU
		{3A0E6501-E703-423E-AA9A-7C17DBB9468C}.Debug|Any CPU.Build.0 = Debug|Any CPU
		{3A0E6501-E703-423E-AA9A-7C17DBB9468C}.Release|Any CPU.ActiveCfg = Release|Any CPU
		{3A0E6501-E703-423E-AA9A-7C17DBB9468C}.Release|Any CPU.Build.0 = Release|Any CPU
		{61B4F4B2-32E2-47C0-862A-F5147E9BD56E}.Debug|Any CPU.ActiveCfg = Debug|Any CPU
		{61B4F4B2-32E2-47C0-862A-F5147E9BD56E}.Debug|Any CPU.Build.0 = Debug|Any CPU
		{61B4F4B2-32E2-47C0-862A-F5147E9BD56E}.Release|Any CPU.ActiveCfg = Release|Any CPU
		{61B4F4B2-32E2-47C0-862A-F5147E9BD56E}.Release|Any CPU.Build.0 = Release|Any CPU
		{3D095401-59B2-476D-B1FE-1617DAD78E94}.Debug|Any CPU.ActiveCfg = Debug|Any CPU
		{3D095401-59B2-476D-B1FE-1617DAD78E94}.Debug|Any CPU.Build.0 = Debug|Any CPU
		{3D095401-59B2-476D-B1FE-1617DAD78E94}.Release|Any CPU.ActiveCfg = Release|Any CPU
		{3D095401-59B2-476D-B1FE-1617DAD78E94}.Release|Any CPU.Build.0 = Release|Any CPU
		{80348F7C-DCE0-4479-AF3E-C2AB90B2FB4C}.Debug|Any CPU.ActiveCfg = Debug|Any CPU
		{80348F7C-DCE0-4479-AF3E-C2AB90B2FB4C}.Debug|Any CPU.Build.0 = Debug|Any CPU
		{80348F7C-DCE0-4479-AF3E-C2AB90B2FB4C}.Release|Any CPU.ActiveCfg = Release|Any CPU
		{80348F7C-DCE0-4479-AF3E-C2AB90B2FB4C}.Release|Any CPU.Build.0 = Release|Any CPU
		{F561F679-F434-4DAB-A0F8-BD77CF9C5958}.Debug|Any CPU.ActiveCfg = Debug|Any CPU
		{F561F679-F434-4DAB-A0F8-BD77CF9C5958}.Debug|Any CPU.Build.0 = Debug|Any CPU
		{F561F679-F434-4DAB-A0F8-BD77CF9C5958}.Release|Any CPU.ActiveCfg = Release|Any CPU
		{F561F679-F434-4DAB-A0F8-BD77CF9C5958}.Release|Any CPU.Build.0 = Release|Any CPU
		{4ACFA2D2-F5D7-428B-B144-F63350848E29}.Debug|Any CPU.ActiveCfg = Debug|Any CPU
		{4ACFA2D2-F5D7-428B-B144-F63350848E29}.Debug|Any CPU.Build.0 = Debug|Any CPU
		{4ACFA2D2-F5D7-428B-B144-F63350848E29}.Release|Any CPU.ActiveCfg = Release|Any CPU
		{4ACFA2D2-F5D7-428B-B144-F63350848E29}.Release|Any CPU.Build.0 = Release|Any CPU
		{2307C5CA-384B-4AB6-8DB4-37799CC30E11}.Debug|Any CPU.ActiveCfg = Debug|Any CPU
		{2307C5CA-384B-4AB6-8DB4-37799CC30E11}.Debug|Any CPU.Build.0 = Debug|Any CPU
		{2307C5CA-384B-4AB6-8DB4-37799CC30E11}.Release|Any CPU.ActiveCfg = Release|Any CPU
		{2307C5CA-384B-4AB6-8DB4-37799CC30E11}.Release|Any CPU.Build.0 = Release|Any CPU
		{559D9E41-C462-4C71-8709-20B0BCA82E89}.Debug|Any CPU.ActiveCfg = Debug|Any CPU
		{559D9E41-C462-4C71-8709-20B0BCA82E89}.Debug|Any CPU.Build.0 = Debug|Any CPU
		{559D9E41-C462-4C71-8709-20B0BCA82E89}.Release|Any CPU.ActiveCfg = Release|Any CPU
		{559D9E41-C462-4C71-8709-20B0BCA82E89}.Release|Any CPU.Build.0 = Release|Any CPU
		{B9FDEB77-EC8B-4E1C-A9F1-218A3671574D}.Debug|Any CPU.ActiveCfg = Debug|Any CPU
		{B9FDEB77-EC8B-4E1C-A9F1-218A3671574D}.Debug|Any CPU.Build.0 = Debug|Any CPU
		{B9FDEB77-EC8B-4E1C-A9F1-218A3671574D}.Release|Any CPU.ActiveCfg = Release|Any CPU
		{B9FDEB77-EC8B-4E1C-A9F1-218A3671574D}.Release|Any CPU.Build.0 = Release|Any CPU
		{5C4E5E66-23AA-499D-B3CD-DD374F8CD2BB}.Debug|Any CPU.ActiveCfg = Debug|Any CPU
		{5C4E5E66-23AA-499D-B3CD-DD374F8CD2BB}.Debug|Any CPU.Build.0 = Debug|Any CPU
		{5C4E5E66-23AA-499D-B3CD-DD374F8CD2BB}.Release|Any CPU.ActiveCfg = Release|Any CPU
		{5C4E5E66-23AA-499D-B3CD-DD374F8CD2BB}.Release|Any CPU.Build.0 = Release|Any CPU
		{5CED9D92-D478-41B2-84F3-A3D41B642BB2}.Debug|Any CPU.ActiveCfg = Debug|Any CPU
		{5CED9D92-D478-41B2-84F3-A3D41B642BB2}.Debug|Any CPU.Build.0 = Debug|Any CPU
		{5CED9D92-D478-41B2-84F3-A3D41B642BB2}.Release|Any CPU.ActiveCfg = Release|Any CPU
		{5CED9D92-D478-41B2-84F3-A3D41B642BB2}.Release|Any CPU.Build.0 = Release|Any CPU
		{5227BBD5-4CE7-4CB8-A60E-897E70664886}.Debug|Any CPU.ActiveCfg = Debug|Any CPU
		{5227BBD5-4CE7-4CB8-A60E-897E70664886}.Debug|Any CPU.Build.0 = Debug|Any CPU
		{5227BBD5-4CE7-4CB8-A60E-897E70664886}.Release|Any CPU.ActiveCfg = Release|Any CPU
		{5227BBD5-4CE7-4CB8-A60E-897E70664886}.Release|Any CPU.Build.0 = Release|Any CPU
		{3B8E64F7-9FD1-4997-BE4E-2AB5CB46E2C7}.Debug|Any CPU.ActiveCfg = Debug|Any CPU
		{3B8E64F7-9FD1-4997-BE4E-2AB5CB46E2C7}.Debug|Any CPU.Build.0 = Debug|Any CPU
		{3B8E64F7-9FD1-4997-BE4E-2AB5CB46E2C7}.Release|Any CPU.ActiveCfg = Release|Any CPU
		{3B8E64F7-9FD1-4997-BE4E-2AB5CB46E2C7}.Release|Any CPU.Build.0 = Release|Any CPU
		{494B9D60-4C08-41FB-9CBD-2FA8FB8EBD6C}.Debug|Any CPU.ActiveCfg = Debug|Any CPU
		{494B9D60-4C08-41FB-9CBD-2FA8FB8EBD6C}.Debug|Any CPU.Build.0 = Debug|Any CPU
		{494B9D60-4C08-41FB-9CBD-2FA8FB8EBD6C}.Release|Any CPU.ActiveCfg = Release|Any CPU
		{494B9D60-4C08-41FB-9CBD-2FA8FB8EBD6C}.Release|Any CPU.Build.0 = Release|Any CPU
		{06472079-680E-42CF-B381-4BD0DB0F2176}.Debug|Any CPU.ActiveCfg = Debug|Any CPU
		{06472079-680E-42CF-B381-4BD0DB0F2176}.Debug|Any CPU.Build.0 = Debug|Any CPU
		{06472079-680E-42CF-B381-4BD0DB0F2176}.Release|Any CPU.ActiveCfg = Release|Any CPU
		{06472079-680E-42CF-B381-4BD0DB0F2176}.Release|Any CPU.Build.0 = Release|Any CPU
		{43356EFA-3928-4DBD-B3C6-5FE559F98D59}.Debug|Any CPU.ActiveCfg = Debug|Any CPU
		{43356EFA-3928-4DBD-B3C6-5FE559F98D59}.Debug|Any CPU.Build.0 = Debug|Any CPU
		{43356EFA-3928-4DBD-B3C6-5FE559F98D59}.Release|Any CPU.ActiveCfg = Release|Any CPU
		{43356EFA-3928-4DBD-B3C6-5FE559F98D59}.Release|Any CPU.Build.0 = Release|Any CPU
		{A232563E-72E8-4914-96EF-298C665AB01C}.Debug|Any CPU.ActiveCfg = Debug|Any CPU
		{A232563E-72E8-4914-96EF-298C665AB01C}.Debug|Any CPU.Build.0 = Debug|Any CPU
		{A232563E-72E8-4914-96EF-298C665AB01C}.Release|Any CPU.ActiveCfg = Release|Any CPU
		{A232563E-72E8-4914-96EF-298C665AB01C}.Release|Any CPU.Build.0 = Release|Any CPU
		{61F94A70-0BE0-4BF3-921D-E7FE1B4C953D}.Debug|Any CPU.ActiveCfg = Debug|Any CPU
		{61F94A70-0BE0-4BF3-921D-E7FE1B4C953D}.Debug|Any CPU.Build.0 = Debug|Any CPU
		{61F94A70-0BE0-4BF3-921D-E7FE1B4C953D}.Release|Any CPU.ActiveCfg = Release|Any CPU
		{61F94A70-0BE0-4BF3-921D-E7FE1B4C953D}.Release|Any CPU.Build.0 = Release|Any CPU
		{F152B9D8-6814-43EA-A588-D8B7172BA142}.Debug|Any CPU.ActiveCfg = Debug|Any CPU
		{F152B9D8-6814-43EA-A588-D8B7172BA142}.Debug|Any CPU.Build.0 = Debug|Any CPU
		{F152B9D8-6814-43EA-A588-D8B7172BA142}.Release|Any CPU.ActiveCfg = Release|Any CPU
		{F152B9D8-6814-43EA-A588-D8B7172BA142}.Release|Any CPU.Build.0 = Release|Any CPU
	EndGlobalSection
	GlobalSection(SolutionProperties) = preSolution
		HideSolutionNode = FALSE
	EndGlobalSection
	GlobalSection(NestedProjects) = preSolution
		{5CED9D92-D478-41B2-84F3-A3D41B642BB2} = {39698A12-7C9B-47F5-BA1A-9F4884A770AF}
	EndGlobalSection
	GlobalSection(ExtensibilityGlobals) = postSolution
		SolutionGuid = {8598A278-509A-48A6-A7B3-3E3B0D1011F1}
	EndGlobalSection
EndGlobal
